// !$*UTF8*$!
{
	archiveVersion = 1;
	classes = {
	};
	objectVersion = 56;
	objects = {

/* Begin PBXBuildFile section */
		8F5405C82A03966A003B6EBC /* JustUIApp.swift in Sources */ = {isa = PBXBuildFile; fileRef = 8F5405C72A03966A003B6EBC /* JustUIApp.swift */; };
		8F5405CA2A03966A003B6EBC /* ContentView.swift in Sources */ = {isa = PBXBuildFile; fileRef = 8F5405C92A03966A003B6EBC /* ContentView.swift */; };
		8F5405CC2A03966C003B6EBC /* Assets.xcassets in Resources */ = {isa = PBXBuildFile; fileRef = 8F5405CB2A03966C003B6EBC /* Assets.xcassets */; };
		8F5405CF2A03966C003B6EBC /* Preview Assets.xcassets in Resources */ = {isa = PBXBuildFile; fileRef = 8F5405CE2A03966C003B6EBC /* Preview Assets.xcassets */; };
		8F5405D92A03966D003B6EBC /* JustUITests.swift in Sources */ = {isa = PBXBuildFile; fileRef = 8F5405D82A03966D003B6EBC /* JustUITests.swift */; };
		8F5405E32A03966D003B6EBC /* JustUIUITests.swift in Sources */ = {isa = PBXBuildFile; fileRef = 8F5405E22A03966D003B6EBC /* JustUIUITests.swift */; };
		8F5405E52A03966D003B6EBC /* JustUIUITestsLaunchTests.swift in Sources */ = {isa = PBXBuildFile; fileRef = 8F5405E42A03966D003B6EBC /* JustUIUITestsLaunchTests.swift */; };
		8F5405F22A0396A3003B6EBC /* HomeView.swift in Sources */ = {isa = PBXBuildFile; fileRef = 8F5405F12A0396A3003B6EBC /* HomeView.swift */; };
		8F5405F42A0396D0003B6EBC /* ProfileView.swift in Sources */ = {isa = PBXBuildFile; fileRef = 8F5405F32A0396D0003B6EBC /* ProfileView.swift */; };
		8F5405F62A0396E8003B6EBC /* ShopView.swift in Sources */ = {isa = PBXBuildFile; fileRef = 8F5405F52A0396E8003B6EBC /* ShopView.swift */; };
		8F5405F82A0396FD003B6EBC /* HeadView.swift in Sources */ = {isa = PBXBuildFile; fileRef = 8F5405F72A0396FD003B6EBC /* HeadView.swift */; };
		8F5405FA2A039737003B6EBC /* CartView.swift in Sources */ = {isa = PBXBuildFile; fileRef = 8F5405F92A039737003B6EBC /* CartView.swift */; };
/* End PBXBuildFile section */

/* Begin PBXContainerItemProxy section */
		8F5405D52A03966D003B6EBC /* PBXContainerItemProxy */ = {
			isa = PBXContainerItemProxy;
			containerPortal = 8F5405BC2A03966A003B6EBC /* Project object */;
			proxyType = 1;
			remoteGlobalIDString = 8F5405C32A03966A003B6EBC;
			remoteInfo = JustUI;
		};
		8F5405DF2A03966D003B6EBC /* PBXContainerItemProxy */ = {
			isa = PBXContainerItemProxy;
			containerPortal = 8F5405BC2A03966A003B6EBC /* Project object */;
			proxyType = 1;
			remoteGlobalIDString = 8F5405C32A03966A003B6EBC;
			remoteInfo = JustUI;
		};
/* End PBXContainerItemProxy section */

/* Begin PBXFileReference section */
		8F5405C42A03966A003B6EBC /* JustUI.app */ = {isa = PBXFileReference; explicitFileType = wrapper.application; includeInIndex = 0; path = JustUI.app; sourceTree = BUILT_PRODUCTS_DIR; };
		8F5405C72A03966A003B6EBC /* JustUIApp.swift */ = {isa = PBXFileReference; lastKnownFileType = sourcecode.swift; path = JustUIApp.swift; sourceTree = "<group>"; };
		8F5405C92A03966A003B6EBC /* ContentView.swift */ = {isa = PBXFileReference; lastKnownFileType = sourcecode.swift; path = ContentView.swift; sourceTree = "<group>"; };
		8F5405CB2A03966C003B6EBC /* Assets.xcassets */ = {isa = PBXFileReference; lastKnownFileType = folder.assetcatalog; path = Assets.xcassets; sourceTree = "<group>"; };
		8F5405CE2A03966C003B6EBC /* Preview Assets.xcassets */ = {isa = PBXFileReference; lastKnownFileType = folder.assetcatalog; path = "Preview Assets.xcassets"; sourceTree = "<group>"; };
		8F5405D42A03966D003B6EBC /* JustUITests.xctest */ = {isa = PBXFileReference; explicitFileType = wrapper.cfbundle; includeInIndex = 0; path = JustUITests.xctest; sourceTree = BUILT_PRODUCTS_DIR; };
		8F5405D82A03966D003B6EBC /* JustUITests.swift */ = {isa = PBXFileReference; lastKnownFileType = sourcecode.swift; path = JustUITests.swift; sourceTree = "<group>"; };
		8F5405DE2A03966D003B6EBC /* JustUIUITests.xctest */ = {isa = PBXFileReference; explicitFileType = wrapper.cfbundle; includeInIndex = 0; path = JustUIUITests.xctest; sourceTree = BUILT_PRODUCTS_DIR; };
		8F5405E22A03966D003B6EBC /* JustUIUITests.swift */ = {isa = PBXFileReference; lastKnownFileType = sourcecode.swift; path = JustUIUITests.swift; sourceTree = "<group>"; };
		8F5405E42A03966D003B6EBC /* JustUIUITestsLaunchTests.swift */ = {isa = PBXFileReference; lastKnownFileType = sourcecode.swift; path = JustUIUITestsLaunchTests.swift; sourceTree = "<group>"; };
		8F5405F12A0396A3003B6EBC /* HomeView.swift */ = {isa = PBXFileReference; lastKnownFileType = sourcecode.swift; path = HomeView.swift; sourceTree = "<group>"; };
		8F5405F32A0396D0003B6EBC /* ProfileView.swift */ = {isa = PBXFileReference; lastKnownFileType = sourcecode.swift; path = ProfileView.swift; sourceTree = "<group>"; };
		8F5405F52A0396E8003B6EBC /* ShopView.swift */ = {isa = PBXFileReference; lastKnownFileType = sourcecode.swift; path = ShopView.swift; sourceTree = "<group>"; };
		8F5405F72A0396FD003B6EBC /* HeadView.swift */ = {isa = PBXFileReference; lastKnownFileType = sourcecode.swift; path = HeadView.swift; sourceTree = "<group>"; };
		8F5405F92A039737003B6EBC /* CartView.swift */ = {isa = PBXFileReference; lastKnownFileType = sourcecode.swift; path = CartView.swift; sourceTree = "<group>"; };
/* End PBXFileReference section */

/* Begin PBXFrameworksBuildPhase section */
		8F5405C12A03966A003B6EBC /* Frameworks */ = {
			isa = PBXFrameworksBuildPhase;
			buildActionMask = 2147483647;
			files = (
			);
			runOnlyForDeploymentPostprocessing = 0;
		};
		8F5405D12A03966D003B6EBC /* Frameworks */ = {
			isa = PBXFrameworksBuildPhase;
			buildActionMask = 2147483647;
			files = (
			);
			runOnlyForDeploymentPostprocessing = 0;
		};
		8F5405DB2A03966D003B6EBC /* Frameworks */ = {
			isa = PBXFrameworksBuildPhase;
			buildActionMask = 2147483647;
			files = (
			);
			runOnlyForDeploymentPostprocessing = 0;
		};
/* End PBXFrameworksBuildPhase section */

/* Begin PBXGroup section */
		8F5405BB2A03966A003B6EBC = {
			isa = PBXGroup;
			children = (
				8F5405C62A03966A003B6EBC /* JustUI */,
				8F5405D72A03966D003B6EBC /* JustUITests */,
				8F5405E12A03966D003B6EBC /* JustUIUITests */,
				8F5405C52A03966A003B6EBC /* Products */,
			);
			sourceTree = "<group>";
		};
		8F5405C52A03966A003B6EBC /* Products */ = {
			isa = PBXGroup;
			children = (
				8F5405C42A03966A003B6EBC /* JustUI.app */,
				8F5405D42A03966D003B6EBC /* JustUITests.xctest */,
				8F5405DE2A03966D003B6EBC /* JustUIUITests.xctest */,
			);
			name = Products;
			sourceTree = "<group>";
		};
		8F5405C62A03966A003B6EBC /* JustUI */ = {
			isa = PBXGroup;
			children = (
				8F5405C72A03966A003B6EBC /* JustUIApp.swift */,
				8F5405C92A03966A003B6EBC /* ContentView.swift */,
				8F5405F12A0396A3003B6EBC /* HomeView.swift */,
				8F5405F32A0396D0003B6EBC /* ProfileView.swift */,
				8F5405F52A0396E8003B6EBC /* ShopView.swift */,
				8F5405F72A0396FD003B6EBC /* HeadView.swift */,
				8F5405CB2A03966C003B6EBC /* Assets.xcassets */,
				8F5405CD2A03966C003B6EBC /* Preview Content */,
				8F5405F92A039737003B6EBC /* CartView.swift */,
			);
			path = JustUI;
			sourceTree = "<group>";
		};
		8F5405CD2A03966C003B6EBC /* Preview Content */ = {
			isa = PBXGroup;
			children = (
				8F5405CE2A03966C003B6EBC /* Preview Assets.xcassets */,
			);
			path = "Preview Content";
			sourceTree = "<group>";
		};
		8F5405D72A03966D003B6EBC /* JustUITests */ = {
			isa = PBXGroup;
			children = (
				8F5405D82A03966D003B6EBC /* JustUITests.swift */,
			);
			path = JustUITests;
			sourceTree = "<group>";
		};
		8F5405E12A03966D003B6EBC /* JustUIUITests */ = {
			isa = PBXGroup;
			children = (
				8F5405E22A03966D003B6EBC /* JustUIUITests.swift */,
				8F5405E42A03966D003B6EBC /* JustUIUITestsLaunchTests.swift */,
			);
			path = JustUIUITests;
			sourceTree = "<group>";
		};
/* End PBXGroup section */

/* Begin PBXNativeTarget section */
		8F5405C32A03966A003B6EBC /* JustUI */ = {
			isa = PBXNativeTarget;
			buildConfigurationList = 8F5405E82A03966D003B6EBC /* Build configuration list for PBXNativeTarget "JustUI" */;
			buildPhases = (
				8F5405C02A03966A003B6EBC /* Sources */,
				8F5405C12A03966A003B6EBC /* Frameworks */,
				8F5405C22A03966A003B6EBC /* Resources */,
			);
			buildRules = (
			);
			dependencies = (
			);
			name = JustUI;
			productName = JustUI;
			productReference = 8F5405C42A03966A003B6EBC /* JustUI.app */;
			productType = "com.apple.product-type.application";
		};
		8F5405D32A03966D003B6EBC /* JustUITests */ = {
			isa = PBXNativeTarget;
			buildConfigurationList = 8F5405EB2A03966D003B6EBC /* Build configuration list for PBXNativeTarget "JustUITests" */;
			buildPhases = (
				8F5405D02A03966D003B6EBC /* Sources */,
				8F5405D12A03966D003B6EBC /* Frameworks */,
				8F5405D22A03966D003B6EBC /* Resources */,
			);
			buildRules = (
			);
			dependencies = (
				8F5405D62A03966D003B6EBC /* PBXTargetDependency */,
			);
			name = JustUITests;
			productName = JustUITests;
			productReference = 8F5405D42A03966D003B6EBC /* JustUITests.xctest */;
			productType = "com.apple.product-type.bundle.unit-test";
		};
		8F5405DD2A03966D003B6EBC /* JustUIUITests */ = {
			isa = PBXNativeTarget;
			buildConfigurationList = 8F5405EE2A03966D003B6EBC /* Build configuration list for PBXNativeTarget "JustUIUITests" */;
			buildPhases = (
				8F5405DA2A03966D003B6EBC /* Sources */,
				8F5405DB2A03966D003B6EBC /* Frameworks */,
				8F5405DC2A03966D003B6EBC /* Resources */,
			);
			buildRules = (
			);
			dependencies = (
				8F5405E02A03966D003B6EBC /* PBXTargetDependency */,
			);
			name = JustUIUITests;
			productName = JustUIUITests;
			productReference = 8F5405DE2A03966D003B6EBC /* JustUIUITests.xctest */;
			productType = "com.apple.product-type.bundle.ui-testing";
		};
/* End PBXNativeTarget section */

/* Begin PBXProject section */
		8F5405BC2A03966A003B6EBC /* Project object */ = {
			isa = PBXProject;
			attributes = {
				BuildIndependentTargetsInParallel = 1;
				LastSwiftUpdateCheck = 1420;
				LastUpgradeCheck = 1420;
				TargetAttributes = {
					8F5405C32A03966A003B6EBC = {
						CreatedOnToolsVersion = 14.2;
					};
					8F5405D32A03966D003B6EBC = {
						CreatedOnToolsVersion = 14.2;
						TestTargetID = 8F5405C32A03966A003B6EBC;
					};
					8F5405DD2A03966D003B6EBC = {
						CreatedOnToolsVersion = 14.2;
						TestTargetID = 8F5405C32A03966A003B6EBC;
					};
				};
			};
			buildConfigurationList = 8F5405BF2A03966A003B6EBC /* Build configuration list for PBXProject "JustUI" */;
			compatibilityVersion = "Xcode 14.0";
			developmentRegion = en;
			hasScannedForEncodings = 0;
			knownRegions = (
				en,
				Base,
			);
			mainGroup = 8F5405BB2A03966A003B6EBC;
			productRefGroup = 8F5405C52A03966A003B6EBC /* Products */;
			projectDirPath = "";
			projectRoot = "";
			targets = (
				8F5405C32A03966A003B6EBC /* JustUI */,
				8F5405D32A03966D003B6EBC /* JustUITests */,
				8F5405DD2A03966D003B6EBC /* JustUIUITests */,
			);
		};
/* End PBXProject section */

/* Begin PBXResourcesBuildPhase section */
		8F5405C22A03966A003B6EBC /* Resources */ = {
			isa = PBXResourcesBuildPhase;
			buildActionMask = 2147483647;
			files = (
				8F5405CF2A03966C003B6EBC /* Preview Assets.xcassets in Resources */,
				8F5405CC2A03966C003B6EBC /* Assets.xcassets in Resources */,
			);
			runOnlyForDeploymentPostprocessing = 0;
		};
		8F5405D22A03966D003B6EBC /* Resources */ = {
			isa = PBXResourcesBuildPhase;
			buildActionMask = 2147483647;
			files = (
			);
			runOnlyForDeploymentPostprocessing = 0;
		};
		8F5405DC2A03966D003B6EBC /* Resources */ = {
			isa = PBXResourcesBuildPhase;
			buildActionMask = 2147483647;
			files = (
			);
			runOnlyForDeploymentPostprocessing = 0;
		};
/* End PBXResourcesBuildPhase section */

/* Begin PBXSourcesBuildPhase section */
		8F5405C02A03966A003B6EBC /* Sources */ = {
			isa = PBXSourcesBuildPhase;
			buildActionMask = 2147483647;
			files = (
				8F5405F42A0396D0003B6EBC /* ProfileView.swift in Sources */,
				8F5405FA2A039737003B6EBC /* CartView.swift in Sources */,
				8F5405F22A0396A3003B6EBC /* HomeView.swift in Sources */,
				8F5405CA2A03966A003B6EBC /* ContentView.swift in Sources */,
				8F5405F62A0396E8003B6EBC /* ShopView.swift in Sources */,
				8F5405F82A0396FD003B6EBC /* HeadView.swift in Sources */,
				8F5405C82A03966A003B6EBC /* JustUIApp.swift in Sources */,
			);
			runOnlyForDeploymentPostprocessing = 0;
		};
		8F5405D02A03966D003B6EBC /* Sources */ = {
			isa = PBXSourcesBuildPhase;
			buildActionMask = 2147483647;
			files = (
				8F5405D92A03966D003B6EBC /* JustUITests.swift in Sources */,
			);
			runOnlyForDeploymentPostprocessing = 0;
		};
		8F5405DA2A03966D003B6EBC /* Sources */ = {
			isa = PBXSourcesBuildPhase;
			buildActionMask = 2147483647;
			files = (
				8F5405E52A03966D003B6EBC /* JustUIUITestsLaunchTests.swift in Sources */,
				8F5405E32A03966D003B6EBC /* JustUIUITests.swift in Sources */,
			);
			runOnlyForDeploymentPostprocessing = 0;
		};
/* End PBXSourcesBuildPhase section */

/* Begin PBXTargetDependency section */
		8F5405D62A03966D003B6EBC /* PBXTargetDependency */ = {
			isa = PBXTargetDependency;
			target = 8F5405C32A03966A003B6EBC /* JustUI */;
			targetProxy = 8F5405D52A03966D003B6EBC /* PBXContainerItemProxy */;
		};
		8F5405E02A03966D003B6EBC /* PBXTargetDependency */ = {
			isa = PBXTargetDependency;
			target = 8F5405C32A03966A003B6EBC /* JustUI */;
			targetProxy = 8F5405DF2A03966D003B6EBC /* PBXContainerItemProxy */;
		};
/* End PBXTargetDependency section */

/* Begin XCBuildConfiguration section */
		8F5405E62A03966D003B6EBC /* Debug */ = {
			isa = XCBuildConfiguration;
			buildSettings = {
				ALWAYS_SEARCH_USER_PATHS = NO;
				CLANG_ANALYZER_NONNULL = YES;
				CLANG_ANALYZER_NUMBER_OBJECT_CONVERSION = YES_AGGRESSIVE;
				CLANG_CXX_LANGUAGE_STANDARD = "gnu++20";
				CLANG_ENABLE_MODULES = YES;
				CLANG_ENABLE_OBJC_ARC = YES;
				CLANG_ENABLE_OBJC_WEAK = YES;
				CLANG_WARN_BLOCK_CAPTURE_AUTORELEASING = YES;
				CLANG_WARN_BOOL_CONVERSION = YES;
				CLANG_WARN_COMMA = YES;
				CLANG_WARN_CONSTANT_CONVERSION = YES;
				CLANG_WARN_DEPRECATED_OBJC_IMPLEMENTATIONS = YES;
				CLANG_WARN_DIRECT_OBJC_ISA_USAGE = YES_ERROR;
				CLANG_WARN_DOCUMENTATION_COMMENTS = YES;
				CLANG_WARN_EMPTY_BODY = YES;
				CLANG_WARN_ENUM_CONVERSION = YES;
				CLANG_WARN_INFINITE_RECURSION = YES;
				CLANG_WARN_INT_CONVERSION = YES;
				CLANG_WARN_NON_LITERAL_NULL_CONVERSION = YES;
				CLANG_WARN_OBJC_IMPLICIT_RETAIN_SELF = YES;
				CLANG_WARN_OBJC_LITERAL_CONVERSION = YES;
				CLANG_WARN_OBJC_ROOT_CLASS = YES_ERROR;
				CLANG_WARN_QUOTED_INCLUDE_IN_FRAMEWORK_HEADER = YES;
				CLANG_WARN_RANGE_LOOP_ANALYSIS = YES;
				CLANG_WARN_STRICT_PROTOTYPES = YES;
				CLANG_WARN_SUSPICIOUS_MOVE = YES;
				CLANG_WARN_UNGUARDED_AVAILABILITY = YES_AGGRESSIVE;
				CLANG_WARN_UNREACHABLE_CODE = YES;
				CLANG_WARN__DUPLICATE_METHOD_MATCH = YES;
				COPY_PHASE_STRIP = NO;
				DEBUG_INFORMATION_FORMAT = dwarf;
				ENABLE_STRICT_OBJC_MSGSEND = YES;
				ENABLE_TESTABILITY = YES;
				GCC_C_LANGUAGE_STANDARD = gnu11;
				GCC_DYNAMIC_NO_PIC = NO;
				GCC_NO_COMMON_BLOCKS = YES;
				GCC_OPTIMIZATION_LEVEL = 0;
				GCC_PREPROCESSOR_DEFINITIONS = (
					"DEBUG=1",
					"$(inherited)",
				);
				GCC_WARN_64_TO_32_BIT_CONVERSION = YES;
				GCC_WARN_ABOUT_RETURN_TYPE = YES_ERROR;
				GCC_WARN_UNDECLARED_SELECTOR = YES;
				GCC_WARN_UNINITIALIZED_AUTOS = YES_AGGRESSIVE;
				GCC_WARN_UNUSED_FUNCTION = YES;
				GCC_WARN_UNUSED_VARIABLE = YES;
				IPHONEOS_DEPLOYMENT_TARGET = 16.2;
				MTL_ENABLE_DEBUG_INFO = INCLUDE_SOURCE;
				MTL_FAST_MATH = YES;
				ONLY_ACTIVE_ARCH = YES;
				SDKROOT = iphoneos;
				SWIFT_ACTIVE_COMPILATION_CONDITIONS = DEBUG;
				SWIFT_OPTIMIZATION_LEVEL = "-Onone";
			};
			name = Debug;
		};
		8F5405E72A03966D003B6EBC /* Release */ = {
			isa = XCBuildConfiguration;
			buildSettings = {
				ALWAYS_SEARCH_USER_PATHS = NO;
				CLANG_ANALYZER_NONNULL = YES;
				CLANG_ANALYZER_NUMBER_OBJECT_CONVERSION = YES_AGGRESSIVE;
				CLANG_CXX_LANGUAGE_STANDARD = "gnu++20";
				CLANG_ENABLE_MODULES = YES;
				CLANG_ENABLE_OBJC_ARC = YES;
				CLANG_ENABLE_OBJC_WEAK = YES;
				CLANG_WARN_BLOCK_CAPTURE_AUTORELEASING = YES;
				CLANG_WARN_BOOL_CONVERSION = YES;
				CLANG_WARN_COMMA = YES;
				CLANG_WARN_CONSTANT_CONVERSION = YES;
				CLANG_WARN_DEPRECATED_OBJC_IMPLEMENTATIONS = YES;
				CLANG_WARN_DIRECT_OBJC_ISA_USAGE = YES_ERROR;
				CLANG_WARN_DOCUMENTATION_COMMENTS = YES;
				CLANG_WARN_EMPTY_BODY = YES;
				CLANG_WARN_ENUM_CONVERSION = YES;
				CLANG_WARN_INFINITE_RECURSION = YES;
				CLANG_WARN_INT_CONVERSION = YES;
				CLANG_WARN_NON_LITERAL_NULL_CONVERSION = YES;
				CLANG_WARN_OBJC_IMPLICIT_RETAIN_SELF = YES;
				CLANG_WARN_OBJC_LITERAL_CONVERSION = YES;
				CLANG_WARN_OBJC_ROOT_CLASS = YES_ERROR;
				CLANG_WARN_QUOTED_INCLUDE_IN_FRAMEWORK_HEADER = YES;
				CLANG_WARN_RANGE_LOOP_ANALYSIS = YES;
				CLANG_WARN_STRICT_PROTOTYPES = YES;
				CLANG_WARN_SUSPICIOUS_MOVE = YES;
				CLANG_WARN_UNGUARDED_AVAILABILITY = YES_AGGRESSIVE;
				CLANG_WARN_UNREACHABLE_CODE = YES;
				CLANG_WARN__DUPLICATE_METHOD_MATCH = YES;
				COPY_PHASE_STRIP = NO;
				DEBUG_INFORMATION_FORMAT = "dwarf-with-dsym";
				ENABLE_NS_ASSERTIONS = NO;
				ENABLE_STRICT_OBJC_MSGSEND = YES;
				GCC_C_LANGUAGE_STANDARD = gnu11;
				GCC_NO_COMMON_BLOCKS = YES;
				GCC_WARN_64_TO_32_BIT_CONVERSION = YES;
				GCC_WARN_ABOUT_RETURN_TYPE = YES_ERROR;
				GCC_WARN_UNDECLARED_SELECTOR = YES;
				GCC_WARN_UNINITIALIZED_AUTOS = YES_AGGRESSIVE;
				GCC_WARN_UNUSED_FUNCTION = YES;
				GCC_WARN_UNUSED_VARIABLE = YES;
				IPHONEOS_DEPLOYMENT_TARGET = 16.2;
				MTL_ENABLE_DEBUG_INFO = NO;
				MTL_FAST_MATH = YES;
				SDKROOT = iphoneos;
				SWIFT_COMPILATION_MODE = wholemodule;
				SWIFT_OPTIMIZATION_LEVEL = "-O";
				VALIDATE_PRODUCT = YES;
			};
			name = Release;
		};
		8F5405E92A03966D003B6EBC /* Debug */ = {
			isa = XCBuildConfiguration;
			buildSettings = {
				ASSETCATALOG_COMPILER_APPICON_NAME = AppIcon;
				ASSETCATALOG_COMPILER_GLOBAL_ACCENT_COLOR_NAME = AccentColor;
				CODE_SIGN_STYLE = Automatic;
				CURRENT_PROJECT_VERSION = 1;
				DEVELOPMENT_ASSET_PATHS = "\"JustUI/Preview Content\"";
				ENABLE_PREVIEWS = YES;
				GENERATE_INFOPLIST_FILE = YES;
				INFOPLIST_KEY_UIApplicationSceneManifest_Generation = YES;
				INFOPLIST_KEY_UIApplicationSupportsIndirectInputEvents = YES;
				INFOPLIST_KEY_UILaunchScreen_Generation = YES;
				INFOPLIST_KEY_UISupportedInterfaceOrientations_iPad = "UIInterfaceOrientationPortrait UIInterfaceOrientationPortraitUpsideDown UIInterfaceOrientationLandscapeLeft UIInterfaceOrientationLandscapeRight";
				INFOPLIST_KEY_UISupportedInterfaceOrientations_iPhone = "UIInterfaceOrientationPortrait UIInterfaceOrientationLandscapeLeft UIInterfaceOrientationLandscapeRight";
				LD_RUNPATH_SEARCH_PATHS = (
					"$(inherited)",
					"@executable_path/Frameworks",
				);
				MARKETING_VERSION = 1.0;
				PRODUCT_BUNDLE_IDENTIFIER = net.jinto.JustUI;
				PRODUCT_NAME = "$(TARGET_NAME)";
				SWIFT_EMIT_LOC_STRINGS = YES;
				SWIFT_VERSION = 5.0;
				TARGETED_DEVICE_FAMILY = "1,2";
			};
			name = Debug;
		};
		8F5405EA2A03966D003B6EBC /* Release */ = {
			isa = XCBuildConfiguration;
			buildSettings = {
				ASSETCATALOG_COMPILER_APPICON_NAME = AppIcon;
				ASSETCATALOG_COMPILER_GLOBAL_ACCENT_COLOR_NAME = AccentColor;
				CODE_SIGN_STYLE = Automatic;
				CURRENT_PROJECT_VERSION = 1;
				DEVELOPMENT_ASSET_PATHS = "\"JustUI/Preview Content\"";
				ENABLE_PREVIEWS = YES;
				GENERATE_INFOPLIST_FILE = YES;
				INFOPLIST_KEY_UIApplicationSceneManifest_Generation = YES;
				INFOPLIST_KEY_UIApplicationSupportsIndirectInputEvents = YES;
				INFOPLIST_KEY_UILaunchScreen_Generation = YES;
				INFOPLIST_KEY_UISupportedInterfaceOrientations_iPad = "UIInterfaceOrientationPortrait UIInterfaceOrientationPortraitUpsideDown UIInterfaceOrientationLandscapeLeft UIInterfaceOrientationLandscapeRight";
				INFOPLIST_KEY_UISupportedInterfaceOrientations_iPhone = "UIInterfaceOrientationPortrait UIInterfaceOrientationLandscapeLeft UIInterfaceOrientationLandscapeRight";
				LD_RUNPATH_SEARCH_PATHS = (
					"$(inherited)",
					"@executable_path/Frameworks",
				);
				MARKETING_VERSION = 1.0;
				PRODUCT_BUNDLE_IDENTIFIER = net.jinto.JustUI;
				PRODUCT_NAME = "$(TARGET_NAME)";
				SWIFT_EMIT_LOC_STRINGS = YES;
				SWIFT_VERSION = 5.0;
				TARGETED_DEVICE_FAMILY = "1,2";
			};
			name = Release;
		};
		8F5405EC2A03966D003B6EBC /* Debug */ = {
			isa = XCBuildConfiguration;
			buildSettings = {
				ALWAYS_EMBED_SWIFT_STANDARD_LIBRARIES = YES;
				BUNDLE_LOADER = "$(TEST_HOST)";
				CODE_SIGN_STYLE = Automatic;
				CURRENT_PROJECT_VERSION = 1;
				GENERATE_INFOPLIST_FILE = YES;
				IPHONEOS_DEPLOYMENT_TARGET = 16.2;
				MARKETING_VERSION = 1.0;
				PRODUCT_BUNDLE_IDENTIFIER = net.jinto.JustUITests;
				PRODUCT_NAME = "$(TARGET_NAME)";
				SWIFT_EMIT_LOC_STRINGS = NO;
				SWIFT_VERSION = 5.0;
				TARGETED_DEVICE_FAMILY = "1,2";
				TEST_HOST = "$(BUILT_PRODUCTS_DIR)/JustUI.app/$(BUNDLE_EXECUTABLE_FOLDER_PATH)/JustUI";
			};
			name = Debug;
		};
		8F5405ED2A03966D003B6EBC /* Release */ = {
			isa = XCBuildConfiguration;
			buildSettings = {
				ALWAYS_EMBED_SWIFT_STANDARD_LIBRARIES = YES;
				BUNDLE_LOADER = "$(TEST_HOST)";
				CODE_SIGN_STYLE = Automatic;
				CURRENT_PROJECT_VERSION = 1;
				GENERATE_INFOPLIST_FILE = YES;
				IPHONEOS_DEPLOYMENT_TARGET = 16.2;
				MARKETING_VERSION = 1.0;
				PRODUCT_BUNDLE_IDENTIFIER = net.jinto.JustUITests;
				PRODUCT_NAME = "$(TARGET_NAME)";
				SWIFT_EMIT_LOC_STRINGS = NO;
				SWIFT_VERSION = 5.0;
				TARGETED_DEVICE_FAMILY = "1,2";
				TEST_HOST = "$(BUILT_PRODUCTS_DIR)/JustUI.app/$(BUNDLE_EXECUTABLE_FOLDER_PATH)/JustUI";
			};
			name = Release;
		};
		8F5405EF2A03966D003B6EBC /* Debug */ = {
			isa = XCBuildConfiguration;
			buildSettings = {
				ALWAYS_EMBED_SWIFT_STANDARD_LIBRARIES = YES;
				CODE_SIGN_STYLE = Automatic;
				CURRENT_PROJECT_VERSION = 1;
				GENERATE_INFOPLIST_FILE = YES;
				MARKETING_VERSION = 1.0;
				PRODUCT_BUNDLE_IDENTIFIER = net.jinto.JustUIUITests;
				PRODUCT_NAME = "$(TARGET_NAME)";
				SWIFT_EMIT_LOC_STRINGS = NO;
				SWIFT_VERSION = 5.0;
				TARGETED_DEVICE_FAMILY = "1,2";
				TEST_TARGET_NAME = JustUI;
			};
			name = Debug;
		};
		8F5405F02A03966D003B6EBC /* Release */ = {
			isa = XCBuildConfiguration;
			buildSettings = {
				ALWAYS_EMBED_SWIFT_STANDARD_LIBRARIES = YES;
				CODE_SIGN_STYLE = Automatic;
				CURRENT_PROJECT_VERSION = 1;
				GENERATE_INFOPLIST_FILE = YES;
				MARKETING_VERSION = 1.0;
				PRODUCT_BUNDLE_IDENTIFIER = net.jinto.JustUIUITests;
				PRODUCT_NAME = "$(TARGET_NAME)";
				SWIFT_EMIT_LOC_STRINGS = NO;
				SWIFT_VERSION = 5.0;
				TARGETED_DEVICE_FAMILY = "1,2";
				TEST_TARGET_NAME = JustUI;
			};
			name = Release;
		};
/* End XCBuildConfiguration section */

/* Begin XCConfigurationList section */
		8F5405BF2A03966A003B6EBC /* Build configuration list for PBXProject "JustUI" */ = {
			isa = XCConfigurationList;
			buildConfigurations = (
				8F5405E62A03966D003B6EBC /* Debug */,
				8F5405E72A03966D003B6EBC /* Release */,
			);
			defaultConfigurationIsVisible = 0;
			defaultConfigurationName = Release;
		};
		8F5405E82A03966D003B6EBC /* Build configuration list for PBXNativeTarget "JustUI" */ = {
			isa = XCConfigurationList;
			buildConfigurations = (
				8F5405E92A03966D003B6EBC /* Debug */,
				8F5405EA2A03966D003B6EBC /* Release */,
			);
			defaultConfigurationIsVisible = 0;
			defaultConfigurationName = Release;
		};
		8F5405EB2A03966D003B6EBC /* Build configuration list for PBXNativeTarget "JustUITests" */ = {
			isa = XCConfigurationList;
			buildConfigurations = (
				8F5405EC2A03966D003B6EBC /* Debug */,
				8F5405ED2A03966D003B6EBC /* Release */,
			);
			defaultConfigurationIsVisible = 0;
			defaultConfigurationName = Release;
		};
		8F5405EE2A03966D003B6EBC /* Build configuration list for PBXNativeTarget "JustUIUITests" */ = {
			isa = XCConfigurationList;
			buildConfigurations = (
				8F5405EF2A03966D003B6EBC /* Debug */,
				8F5405F02A03966D003B6EBC /* Release */,
			);
			defaultConfigurationIsVisible = 0;
			defaultConfigurationName = Release;
		};
/* End XCConfigurationList section */
	};
	rootObject = 8F5405BC2A03966A003B6EBC /* Project object */;
}
