// !$*UTF8*$!
{
	archiveVersion = 1;
	classes = {
	};
	objectVersion = 56;
	objects = {

/* Begin PBXBuildFile section */
		8F4DF5F129DE979C00812D8E /* How_to_Hide_TabBar_in_NavigationView_When_Using_SwiftUIApp.swift in Sources */ = {isa = PBXBuildFile; fileRef = 8F4DF5F029DE979C00812D8E /* How_to_Hide_TabBar_in_NavigationView_When_Using_SwiftUIApp.swift */; };
		8F4DF5F329DE979C00812D8E /* ContentView.swift in Sources */ = {isa = PBXBuildFile; fileRef = 8F4DF5F229DE979C00812D8E /* ContentView.swift */; };
		8F4DF5F529DE979E00812D8E /* Assets.xcassets in Resources */ = {isa = PBXBuildFile; fileRef = 8F4DF5F429DE979E00812D8E /* Assets.xcassets */; };
		8F4DF5F829DE979E00812D8E /* Preview Assets.xcassets in Resources */ = {isa = PBXBuildFile; fileRef = 8F4DF5F729DE979E00812D8E /* Preview Assets.xcassets */; };
		8F4DF60229DE979E00812D8E /* How_to_Hide_TabBar_in_NavigationView_When_Using_SwiftUITests.swift in Sources */ = {isa = PBXBuildFile; fileRef = 8F4DF60129DE979E00812D8E /* How_to_Hide_TabBar_in_NavigationView_When_Using_SwiftUITests.swift */; };
		8F4DF60C29DE979E00812D8E /* How_to_Hide_TabBar_in_NavigationView_When_Using_SwiftUIUITests.swift in Sources */ = {isa = PBXBuildFile; fileRef = 8F4DF60B29DE979E00812D8E /* How_to_Hide_TabBar_in_NavigationView_When_Using_SwiftUIUITests.swift */; };
		8F4DF60E29DE979E00812D8E /* How_to_Hide_TabBar_in_NavigationView_When_Using_SwiftUIUITestsLaunchTests.swift in Sources */ = {isa = PBXBuildFile; fileRef = 8F4DF60D29DE979E00812D8E /* How_to_Hide_TabBar_in_NavigationView_When_Using_SwiftUIUITestsLaunchTests.swift */; };
/* End PBXBuildFile section */

/* Begin PBXContainerItemProxy section */
		8F4DF5FE29DE979E00812D8E /* PBXContainerItemProxy */ = {
			isa = PBXContainerItemProxy;
			containerPortal = 8F4DF5E529DE979C00812D8E /* Project object */;
			proxyType = 1;
			remoteGlobalIDString = 8F4DF5EC29DE979C00812D8E;
			remoteInfo = "How to Hide TabBar in NavigationView When Using SwiftUI";
		};
		8F4DF60829DE979E00812D8E /* PBXContainerItemProxy */ = {
			isa = PBXContainerItemProxy;
			containerPortal = 8F4DF5E529DE979C00812D8E /* Project object */;
			proxyType = 1;
			remoteGlobalIDString = 8F4DF5EC29DE979C00812D8E;
			remoteInfo = "How to Hide TabBar in NavigationView When Using SwiftUI";
		};
/* End PBXContainerItemProxy section */

/* Begin PBXFileReference section */
		8F4DF5ED29DE979C00812D8E /* How to Hide TabBar in NavigationView When Using SwiftUI.app */ = {isa = PBXFileReference; explicitFileType = wrapper.application; includeInIndex = 0; path = "How to Hide TabBar in NavigationView When Using SwiftUI.app"; sourceTree = BUILT_PRODUCTS_DIR; };
		8F4DF5F029DE979C00812D8E /* How_to_Hide_TabBar_in_NavigationView_When_Using_SwiftUIApp.swift */ = {isa = PBXFileReference; lastKnownFileType = sourcecode.swift; path = How_to_Hide_TabBar_in_NavigationView_When_Using_SwiftUIApp.swift; sourceTree = "<group>"; };
		8F4DF5F229DE979C00812D8E /* ContentView.swift */ = {isa = PBXFileReference; lastKnownFileType = sourcecode.swift; path = ContentView.swift; sourceTree = "<group>"; };
		8F4DF5F429DE979E00812D8E /* Assets.xcassets */ = {isa = PBXFileReference; lastKnownFileType = folder.assetcatalog; path = Assets.xcassets; sourceTree = "<group>"; };
		8F4DF5F729DE979E00812D8E /* Preview Assets.xcassets */ = {isa = PBXFileReference; lastKnownFileType = folder.assetcatalog; path = "Preview Assets.xcassets"; sourceTree = "<group>"; };
		8F4DF5FD29DE979E00812D8E /* How to Hide TabBar in NavigationView When Using SwiftUITests.xctest */ = {isa = PBXFileReference; explicitFileType = wrapper.cfbundle; includeInIndex = 0; path = "How to Hide TabBar in NavigationView When Using SwiftUITests.xctest"; sourceTree = BUILT_PRODUCTS_DIR; };
		8F4DF60129DE979E00812D8E /* How_to_Hide_TabBar_in_NavigationView_When_Using_SwiftUITests.swift */ = {isa = PBXFileReference; lastKnownFileType = sourcecode.swift; path = How_to_Hide_TabBar_in_NavigationView_When_Using_SwiftUITests.swift; sourceTree = "<group>"; };
		8F4DF60729DE979E00812D8E /* How to Hide TabBar in NavigationView When Using SwiftUIUITests.xctest */ = {isa = PBXFileReference; explicitFileType = wrapper.cfbundle; includeInIndex = 0; path = "How to Hide TabBar in NavigationView When Using SwiftUIUITests.xctest"; sourceTree = BUILT_PRODUCTS_DIR; };
		8F4DF60B29DE979E00812D8E /* How_to_Hide_TabBar_in_NavigationView_When_Using_SwiftUIUITests.swift */ = {isa = PBXFileReference; lastKnownFileType = sourcecode.swift; path = How_to_Hide_TabBar_in_NavigationView_When_Using_SwiftUIUITests.swift; sourceTree = "<group>"; };
		8F4DF60D29DE979E00812D8E /* How_to_Hide_TabBar_in_NavigationView_When_Using_SwiftUIUITestsLaunchTests.swift */ = {isa = PBXFileReference; lastKnownFileType = sourcecode.swift; path = How_to_Hide_TabBar_in_NavigationView_When_Using_SwiftUIUITestsLaunchTests.swift; sourceTree = "<group>"; };
/* End PBXFileReference section */

/* Begin PBXFrameworksBuildPhase section */
		8F4DF5EA29DE979C00812D8E /* Frameworks */ = {
			isa = PBXFrameworksBuildPhase;
			buildActionMask = 2147483647;
			files = (
			);
			runOnlyForDeploymentPostprocessing = 0;
		};
		8F4DF5FA29DE979E00812D8E /* Frameworks */ = {
			isa = PBXFrameworksBuildPhase;
			buildActionMask = 2147483647;
			files = (
			);
			runOnlyForDeploymentPostprocessing = 0;
		};
		8F4DF60429DE979E00812D8E /* Frameworks */ = {
			isa = PBXFrameworksBuildPhase;
			buildActionMask = 2147483647;
			files = (
			);
			runOnlyForDeploymentPostprocessing = 0;
		};
/* End PBXFrameworksBuildPhase section */

/* Begin PBXGroup section */
		8F4DF5E429DE979C00812D8E = {
			isa = PBXGroup;
			children = (
				8F4DF5EF29DE979C00812D8E /* How to Hide TabBar in NavigationView When Using SwiftUI */,
				8F4DF60029DE979E00812D8E /* How to Hide TabBar in NavigationView When Using SwiftUITests */,
				8F4DF60A29DE979E00812D8E /* How to Hide TabBar in NavigationView When Using SwiftUIUITests */,
				8F4DF5EE29DE979C00812D8E /* Products */,
			);
			sourceTree = "<group>";
		};
		8F4DF5EE29DE979C00812D8E /* Products */ = {
			isa = PBXGroup;
			children = (
				8F4DF5ED29DE979C00812D8E /* How to Hide TabBar in NavigationView When Using SwiftUI.app */,
				8F4DF5FD29DE979E00812D8E /* How to Hide TabBar in NavigationView When Using SwiftUITests.xctest */,
				8F4DF60729DE979E00812D8E /* How to Hide TabBar in NavigationView When Using SwiftUIUITests.xctest */,
			);
			name = Products;
			sourceTree = "<group>";
		};
		8F4DF5EF29DE979C00812D8E /* How to Hide TabBar in NavigationView When Using SwiftUI */ = {
			isa = PBXGroup;
			children = (
				8F4DF5F029DE979C00812D8E /* How_to_Hide_TabBar_in_NavigationView_When_Using_SwiftUIApp.swift */,
				8F4DF5F229DE979C00812D8E /* ContentView.swift */,
				8F4DF5F429DE979E00812D8E /* Assets.xcassets */,
				8F4DF5F629DE979E00812D8E /* Preview Content */,
			);
			path = "How to Hide TabBar in NavigationView When Using SwiftUI";
			sourceTree = "<group>";
		};
		8F4DF5F629DE979E00812D8E /* Preview Content */ = {
			isa = PBXGroup;
			children = (
				8F4DF5F729DE979E00812D8E /* Preview Assets.xcassets */,
			);
			path = "Preview Content";
			sourceTree = "<group>";
		};
		8F4DF60029DE979E00812D8E /* How to Hide TabBar in NavigationView When Using SwiftUITests */ = {
			isa = PBXGroup;
			children = (
				8F4DF60129DE979E00812D8E /* How_to_Hide_TabBar_in_NavigationView_When_Using_SwiftUITests.swift */,
			);
			path = "How to Hide TabBar in NavigationView When Using SwiftUITests";
			sourceTree = "<group>";
		};
		8F4DF60A29DE979E00812D8E /* How to Hide TabBar in NavigationView When Using SwiftUIUITests */ = {
			isa = PBXGroup;
			children = (
				8F4DF60B29DE979E00812D8E /* How_to_Hide_TabBar_in_NavigationView_When_Using_SwiftUIUITests.swift */,
				8F4DF60D29DE979E00812D8E /* How_to_Hide_TabBar_in_NavigationView_When_Using_SwiftUIUITestsLaunchTests.swift */,
			);
			path = "How to Hide TabBar in NavigationView When Using SwiftUIUITests";
			sourceTree = "<group>";
		};
/* End PBXGroup section */

/* Begin PBXNativeTarget section */
		8F4DF5EC29DE979C00812D8E /* How to Hide TabBar in NavigationView When Using SwiftUI */ = {
			isa = PBXNativeTarget;
			buildConfigurationList = 8F4DF61129DE979E00812D8E /* Build configuration list for PBXNativeTarget "How to Hide TabBar in NavigationView When Using SwiftUI" */;
			buildPhases = (
				8F4DF5E929DE979C00812D8E /* Sources */,
				8F4DF5EA29DE979C00812D8E /* Frameworks */,
				8F4DF5EB29DE979C00812D8E /* Resources */,
			);
			buildRules = (
			);
			dependencies = (
			);
			name = "How to Hide TabBar in NavigationView When Using SwiftUI";
			productName = "How to Hide TabBar in NavigationView When Using SwiftUI";
			productReference = 8F4DF5ED29DE979C00812D8E /* How to Hide TabBar in NavigationView When Using SwiftUI.app */;
			productType = "com.apple.product-type.application";
		};
		8F4DF5FC29DE979E00812D8E /* How to Hide TabBar in NavigationView When Using SwiftUITests */ = {
			isa = PBXNativeTarget;
			buildConfigurationList = 8F4DF61429DE979E00812D8E /* Build configuration list for PBXNativeTarget "How to Hide TabBar in NavigationView When Using SwiftUITests" */;
			buildPhases = (
				8F4DF5F929DE979E00812D8E /* Sources */,
				8F4DF5FA29DE979E00812D8E /* Frameworks */,
				8F4DF5FB29DE979E00812D8E /* Resources */,
			);
			buildRules = (
			);
			dependencies = (
				8F4DF5FF29DE979E00812D8E /* PBXTargetDependency */,
			);
			name = "How to Hide TabBar in NavigationView When Using SwiftUITests";
			productName = "How to Hide TabBar in NavigationView When Using SwiftUITests";
			productReference = 8F4DF5FD29DE979E00812D8E /* How to Hide TabBar in NavigationView When Using SwiftUITests.xctest */;
			productType = "com.apple.product-type.bundle.unit-test";
		};
		8F4DF60629DE979E00812D8E /* How to Hide TabBar in NavigationView When Using SwiftUIUITests */ = {
			isa = PBXNativeTarget;
			buildConfigurationList = 8F4DF61729DE979E00812D8E /* Build configuration list for PBXNativeTarget "How to Hide TabBar in NavigationView When Using SwiftUIUITests" */;
			buildPhases = (
				8F4DF60329DE979E00812D8E /* Sources */,
				8F4DF60429DE979E00812D8E /* Frameworks */,
				8F4DF60529DE979E00812D8E /* Resources */,
			);
			buildRules = (
			);
			dependencies = (
				8F4DF60929DE979E00812D8E /* PBXTargetDependency */,
			);
			name = "How to Hide TabBar in NavigationView When Using SwiftUIUITests";
			productName = "How to Hide TabBar in NavigationView When Using SwiftUIUITests";
			productReference = 8F4DF60729DE979E00812D8E /* How to Hide TabBar in NavigationView When Using SwiftUIUITests.xctest */;
			productType = "com.apple.product-type.bundle.ui-testing";
		};
/* End PBXNativeTarget section */

/* Begin PBXProject section */
		8F4DF5E529DE979C00812D8E /* Project object */ = {
			isa = PBXProject;
			attributes = {
				BuildIndependentTargetsInParallel = 1;
				LastSwiftUpdateCheck = 1420;
				LastUpgradeCheck = 1420;
				TargetAttributes = {
					8F4DF5EC29DE979C00812D8E = {
						CreatedOnToolsVersion = 14.2;
					};
					8F4DF5FC29DE979E00812D8E = {
						CreatedOnToolsVersion = 14.2;
						TestTargetID = 8F4DF5EC29DE979C00812D8E;
					};
					8F4DF60629DE979E00812D8E = {
						CreatedOnToolsVersion = 14.2;
						TestTargetID = 8F4DF5EC29DE979C00812D8E;
					};
				};
			};
			buildConfigurationList = 8F4DF5E829DE979C00812D8E /* Build configuration list for PBXProject "How to Hide TabBar in NavigationView When Using SwiftUI" */;
			compatibilityVersion = "Xcode 14.0";
			developmentRegion = en;
			hasScannedForEncodings = 0;
			knownRegions = (
				en,
				Base,
			);
			mainGroup = 8F4DF5E429DE979C00812D8E;
			productRefGroup = 8F4DF5EE29DE979C00812D8E /* Products */;
			projectDirPath = "";
			projectRoot = "";
			targets = (
				8F4DF5EC29DE979C00812D8E /* How to Hide TabBar in NavigationView When Using SwiftUI */,
				8F4DF5FC29DE979E00812D8E /* How to Hide TabBar in NavigationView When Using SwiftUITests */,
				8F4DF60629DE979E00812D8E /* How to Hide TabBar in NavigationView When Using SwiftUIUITests */,
			);
		};
/* End PBXProject section */

/* Begin PBXResourcesBuildPhase section */
		8F4DF5EB29DE979C00812D8E /* Resources */ = {
			isa = PBXResourcesBuildPhase;
			buildActionMask = 2147483647;
			files = (
				8F4DF5F829DE979E00812D8E /* Preview Assets.xcassets in Resources */,
				8F4DF5F529DE979E00812D8E /* Assets.xcassets in Resources */,
			);
			runOnlyForDeploymentPostprocessing = 0;
		};
		8F4DF5FB29DE979E00812D8E /* Resources */ = {
			isa = PBXResourcesBuildPhase;
			buildActionMask = 2147483647;
			files = (
			);
			runOnlyForDeploymentPostprocessing = 0;
		};
		8F4DF60529DE979E00812D8E /* Resources */ = {
			isa = PBXResourcesBuildPhase;
			buildActionMask = 2147483647;
			files = (
			);
			runOnlyForDeploymentPostprocessing = 0;
		};
/* End PBXResourcesBuildPhase section */

/* Begin PBXSourcesBuildPhase section */
		8F4DF5E929DE979C00812D8E /* Sources */ = {
			isa = PBXSourcesBuildPhase;
			buildActionMask = 2147483647;
			files = (
				8F4DF5F329DE979C00812D8E /* ContentView.swift in Sources */,
				8F4DF5F129DE979C00812D8E /* How_to_Hide_TabBar_in_NavigationView_When_Using_SwiftUIApp.swift in Sources */,
			);
			runOnlyForDeploymentPostprocessing = 0;
		};
		8F4DF5F929DE979E00812D8E /* Sources */ = {
			isa = PBXSourcesBuildPhase;
			buildActionMask = 2147483647;
			files = (
				8F4DF60229DE979E00812D8E /* How_to_Hide_TabBar_in_NavigationView_When_Using_SwiftUITests.swift in Sources */,
			);
			runOnlyForDeploymentPostprocessing = 0;
		};
		8F4DF60329DE979E00812D8E /* Sources */ = {
			isa = PBXSourcesBuildPhase;
			buildActionMask = 2147483647;
			files = (
				8F4DF60C29DE979E00812D8E /* How_to_Hide_TabBar_in_NavigationView_When_Using_SwiftUIUITests.swift in Sources */,
				8F4DF60E29DE979E00812D8E /* How_to_Hide_TabBar_in_NavigationView_When_Using_SwiftUIUITestsLaunchTests.swift in Sources */,
			);
			runOnlyForDeploymentPostprocessing = 0;
		};
/* End PBXSourcesBuildPhase section */

/* Begin PBXTargetDependency section */
		8F4DF5FF29DE979E00812D8E /* PBXTargetDependency */ = {
			isa = PBXTargetDependency;
			target = 8F4DF5EC29DE979C00812D8E /* How to Hide TabBar in NavigationView When Using SwiftUI */;
			targetProxy = 8F4DF5FE29DE979E00812D8E /* PBXContainerItemProxy */;
		};
		8F4DF60929DE979E00812D8E /* PBXTargetDependency */ = {
			isa = PBXTargetDependency;
			target = 8F4DF5EC29DE979C00812D8E /* How to Hide TabBar in NavigationView When Using SwiftUI */;
			targetProxy = 8F4DF60829DE979E00812D8E /* PBXContainerItemProxy */;
		};
/* End PBXTargetDependency section */

/* Begin XCBuildConfiguration section */
		8F4DF60F29DE979E00812D8E /* Debug */ = {
			isa = XCBuildConfiguration;
			buildSettings = {
				ALWAYS_SEARCH_USER_PATHS = NO;
				CLANG_ANALYZER_NONNULL = YES;
				CLANG_ANALYZER_NUMBER_OBJECT_CONVERSION = YES_AGGRESSIVE;
				CLANG_CXX_LANGUAGE_STANDARD = "gnu++20";
				CLANG_ENABLE_MODULES = YES;
				CLANG_ENABLE_OBJC_ARC = YES;
				CLANG_ENABLE_OBJC_WEAK = YES;
				CLANG_WARN_BLOCK_CAPTURE_AUTORELEASING = YES;
				CLANG_WARN_BOOL_CONVERSION = YES;
				CLANG_WARN_COMMA = YES;
				CLANG_WARN_CONSTANT_CONVERSION = YES;
				CLANG_WARN_DEPRECATED_OBJC_IMPLEMENTATIONS = YES;
				CLANG_WARN_DIRECT_OBJC_ISA_USAGE = YES_ERROR;
				CLANG_WARN_DOCUMENTATION_COMMENTS = YES;
				CLANG_WARN_EMPTY_BODY = YES;
				CLANG_WARN_ENUM_CONVERSION = YES;
				CLANG_WARN_INFINITE_RECURSION = YES;
				CLANG_WARN_INT_CONVERSION = YES;
				CLANG_WARN_NON_LITERAL_NULL_CONVERSION = YES;
				CLANG_WARN_OBJC_IMPLICIT_RETAIN_SELF = YES;
				CLANG_WARN_OBJC_LITERAL_CONVERSION = YES;
				CLANG_WARN_OBJC_ROOT_CLASS = YES_ERROR;
				CLANG_WARN_QUOTED_INCLUDE_IN_FRAMEWORK_HEADER = YES;
				CLANG_WARN_RANGE_LOOP_ANALYSIS = YES;
				CLANG_WARN_STRICT_PROTOTYPES = YES;
				CLANG_WARN_SUSPICIOUS_MOVE = YES;
				CLANG_WARN_UNGUARDED_AVAILABILITY = YES_AGGRESSIVE;
				CLANG_WARN_UNREACHABLE_CODE = YES;
				CLANG_WARN__DUPLICATE_METHOD_MATCH = YES;
				COPY_PHASE_STRIP = NO;
				DEBUG_INFORMATION_FORMAT = dwarf;
				ENABLE_STRICT_OBJC_MSGSEND = YES;
				ENABLE_TESTABILITY = YES;
				GCC_C_LANGUAGE_STANDARD = gnu11;
				GCC_DYNAMIC_NO_PIC = NO;
				GCC_NO_COMMON_BLOCKS = YES;
				GCC_OPTIMIZATION_LEVEL = 0;
				GCC_PREPROCESSOR_DEFINITIONS = (
					"DEBUG=1",
					"$(inherited)",
				);
				GCC_WARN_64_TO_32_BIT_CONVERSION = YES;
				GCC_WARN_ABOUT_RETURN_TYPE = YES_ERROR;
				GCC_WARN_UNDECLARED_SELECTOR = YES;
				GCC_WARN_UNINITIALIZED_AUTOS = YES_AGGRESSIVE;
				GCC_WARN_UNUSED_FUNCTION = YES;
				GCC_WARN_UNUSED_VARIABLE = YES;
				IPHONEOS_DEPLOYMENT_TARGET = 16.2;
				MTL_ENABLE_DEBUG_INFO = INCLUDE_SOURCE;
				MTL_FAST_MATH = YES;
				ONLY_ACTIVE_ARCH = YES;
				SDKROOT = iphoneos;
				SWIFT_ACTIVE_COMPILATION_CONDITIONS = DEBUG;
				SWIFT_OPTIMIZATION_LEVEL = "-Onone";
			};
			name = Debug;
		};
		8F4DF61029DE979E00812D8E /* Release */ = {
			isa = XCBuildConfiguration;
			buildSettings = {
				ALWAYS_SEARCH_USER_PATHS = NO;
				CLANG_ANALYZER_NONNULL = YES;
				CLANG_ANALYZER_NUMBER_OBJECT_CONVERSION = YES_AGGRESSIVE;
				CLANG_CXX_LANGUAGE_STANDARD = "gnu++20";
				CLANG_ENABLE_MODULES = YES;
				CLANG_ENABLE_OBJC_ARC = YES;
				CLANG_ENABLE_OBJC_WEAK = YES;
				CLANG_WARN_BLOCK_CAPTURE_AUTORELEASING = YES;
				CLANG_WARN_BOOL_CONVERSION = YES;
				CLANG_WARN_COMMA = YES;
				CLANG_WARN_CONSTANT_CONVERSION = YES;
				CLANG_WARN_DEPRECATED_OBJC_IMPLEMENTATIONS = YES;
				CLANG_WARN_DIRECT_OBJC_ISA_USAGE = YES_ERROR;
				CLANG_WARN_DOCUMENTATION_COMMENTS = YES;
				CLANG_WARN_EMPTY_BODY = YES;
				CLANG_WARN_ENUM_CONVERSION = YES;
				CLANG_WARN_INFINITE_RECURSION = YES;
				CLANG_WARN_INT_CONVERSION = YES;
				CLANG_WARN_NON_LITERAL_NULL_CONVERSION = YES;
				CLANG_WARN_OBJC_IMPLICIT_RETAIN_SELF = YES;
				CLANG_WARN_OBJC_LITERAL_CONVERSION = YES;
				CLANG_WARN_OBJC_ROOT_CLASS = YES_ERROR;
				CLANG_WARN_QUOTED_INCLUDE_IN_FRAMEWORK_HEADER = YES;
				CLANG_WARN_RANGE_LOOP_ANALYSIS = YES;
				CLANG_WARN_STRICT_PROTOTYPES = YES;
				CLANG_WARN_SUSPICIOUS_MOVE = YES;
				CLANG_WARN_UNGUARDED_AVAILABILITY = YES_AGGRESSIVE;
				CLANG_WARN_UNREACHABLE_CODE = YES;
				CLANG_WARN__DUPLICATE_METHOD_MATCH = YES;
				COPY_PHASE_STRIP = NO;
				DEBUG_INFORMATION_FORMAT = "dwarf-with-dsym";
				ENABLE_NS_ASSERTIONS = NO;
				ENABLE_STRICT_OBJC_MSGSEND = YES;
				GCC_C_LANGUAGE_STANDARD = gnu11;
				GCC_NO_COMMON_BLOCKS = YES;
				GCC_WARN_64_TO_32_BIT_CONVERSION = YES;
				GCC_WARN_ABOUT_RETURN_TYPE = YES_ERROR;
				GCC_WARN_UNDECLARED_SELECTOR = YES;
				GCC_WARN_UNINITIALIZED_AUTOS = YES_AGGRESSIVE;
				GCC_WARN_UNUSED_FUNCTION = YES;
				GCC_WARN_UNUSED_VARIABLE = YES;
				IPHONEOS_DEPLOYMENT_TARGET = 16.2;
				MTL_ENABLE_DEBUG_INFO = NO;
				MTL_FAST_MATH = YES;
				SDKROOT = iphoneos;
				SWIFT_COMPILATION_MODE = wholemodule;
				SWIFT_OPTIMIZATION_LEVEL = "-O";
				VALIDATE_PRODUCT = YES;
			};
			name = Release;
		};
		8F4DF61229DE979E00812D8E /* Debug */ = {
			isa = XCBuildConfiguration;
			buildSettings = {
				ASSETCATALOG_COMPILER_APPICON_NAME = AppIcon;
				ASSETCATALOG_COMPILER_GLOBAL_ACCENT_COLOR_NAME = AccentColor;
				CODE_SIGN_STYLE = Automatic;
				CURRENT_PROJECT_VERSION = 1;
				DEVELOPMENT_ASSET_PATHS = "\"How to Hide TabBar in NavigationView When Using SwiftUI/Preview Content\"";
				ENABLE_PREVIEWS = YES;
				GENERATE_INFOPLIST_FILE = YES;
				INFOPLIST_KEY_UIApplicationSceneManifest_Generation = YES;
				INFOPLIST_KEY_UIApplicationSupportsIndirectInputEvents = YES;
				INFOPLIST_KEY_UILaunchScreen_Generation = YES;
				INFOPLIST_KEY_UISupportedInterfaceOrientations_iPad = "UIInterfaceOrientationPortrait UIInterfaceOrientationPortraitUpsideDown UIInterfaceOrientationLandscapeLeft UIInterfaceOrientationLandscapeRight";
				INFOPLIST_KEY_UISupportedInterfaceOrientations_iPhone = "UIInterfaceOrientationPortrait UIInterfaceOrientationLandscapeLeft UIInterfaceOrientationLandscapeRight";
				LD_RUNPATH_SEARCH_PATHS = (
					"$(inherited)",
					"@executable_path/Frameworks",
				);
				MARKETING_VERSION = 1.0;
				PRODUCT_BUNDLE_IDENTIFIER = "net.jinto.How-to-Hide-TabBar-in-NavigationView-When-Using-SwiftUI";
				PRODUCT_NAME = "$(TARGET_NAME)";
				SWIFT_EMIT_LOC_STRINGS = YES;
				SWIFT_VERSION = 5.0;
				TARGETED_DEVICE_FAMILY = "1,2";
			};
			name = Debug;
		};
		8F4DF61329DE979E00812D8E /* Release */ = {
			isa = XCBuildConfiguration;
			buildSettings = {
				ASSETCATALOG_COMPILER_APPICON_NAME = AppIcon;
				ASSETCATALOG_COMPILER_GLOBAL_ACCENT_COLOR_NAME = AccentColor;
				CODE_SIGN_STYLE = Automatic;
				CURRENT_PROJECT_VERSION = 1;
				DEVELOPMENT_ASSET_PATHS = "\"How to Hide TabBar in NavigationView When Using SwiftUI/Preview Content\"";
				ENABLE_PREVIEWS = YES;
				GENERATE_INFOPLIST_FILE = YES;
				INFOPLIST_KEY_UIApplicationSceneManifest_Generation = YES;
				INFOPLIST_KEY_UIApplicationSupportsIndirectInputEvents = YES;
				INFOPLIST_KEY_UILaunchScreen_Generation = YES;
				INFOPLIST_KEY_UISupportedInterfaceOrientations_iPad = "UIInterfaceOrientationPortrait UIInterfaceOrientationPortraitUpsideDown UIInterfaceOrientationLandscapeLeft UIInterfaceOrientationLandscapeRight";
				INFOPLIST_KEY_UISupportedInterfaceOrientations_iPhone = "UIInterfaceOrientationPortrait UIInterfaceOrientationLandscapeLeft UIInterfaceOrientationLandscapeRight";
				LD_RUNPATH_SEARCH_PATHS = (
					"$(inherited)",
					"@executable_path/Frameworks",
				);
				MARKETING_VERSION = 1.0;
				PRODUCT_BUNDLE_IDENTIFIER = "net.jinto.How-to-Hide-TabBar-in-NavigationView-When-Using-SwiftUI";
				PRODUCT_NAME = "$(TARGET_NAME)";
				SWIFT_EMIT_LOC_STRINGS = YES;
				SWIFT_VERSION = 5.0;
				TARGETED_DEVICE_FAMILY = "1,2";
			};
			name = Release;
		};
		8F4DF61529DE979E00812D8E /* Debug */ = {
			isa = XCBuildConfiguration;
			buildSettings = {
				ALWAYS_EMBED_SWIFT_STANDARD_LIBRARIES = YES;
				BUNDLE_LOADER = "$(TEST_HOST)";
				CODE_SIGN_STYLE = Automatic;
				CURRENT_PROJECT_VERSION = 1;
				GENERATE_INFOPLIST_FILE = YES;
				IPHONEOS_DEPLOYMENT_TARGET = 16.2;
				MARKETING_VERSION = 1.0;
				PRODUCT_BUNDLE_IDENTIFIER = "net.jinto.How-to-Hide-TabBar-in-NavigationView-When-Using-SwiftUITests";
				PRODUCT_NAME = "$(TARGET_NAME)";
				SWIFT_EMIT_LOC_STRINGS = NO;
				SWIFT_VERSION = 5.0;
				TARGETED_DEVICE_FAMILY = "1,2";
				TEST_HOST = "$(BUILT_PRODUCTS_DIR)/How to Hide TabBar in NavigationView When Using SwiftUI.app/$(BUNDLE_EXECUTABLE_FOLDER_PATH)/How to Hide TabBar in NavigationView When Using SwiftUI";
			};
			name = Debug;
		};
		8F4DF61629DE979E00812D8E /* Release */ = {
			isa = XCBuildConfiguration;
			buildSettings = {
				ALWAYS_EMBED_SWIFT_STANDARD_LIBRARIES = YES;
				BUNDLE_LOADER = "$(TEST_HOST)";
				CODE_SIGN_STYLE = Automatic;
				CURRENT_PROJECT_VERSION = 1;
				GENERATE_INFOPLIST_FILE = YES;
				IPHONEOS_DEPLOYMENT_TARGET = 16.2;
				MARKETING_VERSION = 1.0;
				PRODUCT_BUNDLE_IDENTIFIER = "net.jinto.How-to-Hide-TabBar-in-NavigationView-When-Using-SwiftUITests";
				PRODUCT_NAME = "$(TARGET_NAME)";
				SWIFT_EMIT_LOC_STRINGS = NO;
				SWIFT_VERSION = 5.0;
				TARGETED_DEVICE_FAMILY = "1,2";
				TEST_HOST = "$(BUILT_PRODUCTS_DIR)/How to Hide TabBar in NavigationView When Using SwiftUI.app/$(BUNDLE_EXECUTABLE_FOLDER_PATH)/How to Hide TabBar in NavigationView When Using SwiftUI";
			};
			name = Release;
		};
		8F4DF61829DE979E00812D8E /* Debug */ = {
			isa = XCBuildConfiguration;
			buildSettings = {
				ALWAYS_EMBED_SWIFT_STANDARD_LIBRARIES = YES;
				CODE_SIGN_STYLE = Automatic;
				CURRENT_PROJECT_VERSION = 1;
				GENERATE_INFOPLIST_FILE = YES;
				MARKETING_VERSION = 1.0;
				PRODUCT_BUNDLE_IDENTIFIER = "net.jinto.How-to-Hide-TabBar-in-NavigationView-When-Using-SwiftUIUITests";
				PRODUCT_NAME = "$(TARGET_NAME)";
				SWIFT_EMIT_LOC_STRINGS = NO;
				SWIFT_VERSION = 5.0;
				TARGETED_DEVICE_FAMILY = "1,2";
				TEST_TARGET_NAME = "How to Hide TabBar in NavigationView When Using SwiftUI";
			};
			name = Debug;
		};
		8F4DF61929DE979E00812D8E /* Release */ = {
			isa = XCBuildConfiguration;
			buildSettings = {
				ALWAYS_EMBED_SWIFT_STANDARD_LIBRARIES = YES;
				CODE_SIGN_STYLE = Automatic;
				CURRENT_PROJECT_VERSION = 1;
				GENERATE_INFOPLIST_FILE = YES;
				MARKETING_VERSION = 1.0;
				PRODUCT_BUNDLE_IDENTIFIER = "net.jinto.How-to-Hide-TabBar-in-NavigationView-When-Using-SwiftUIUITests";
				PRODUCT_NAME = "$(TARGET_NAME)";
				SWIFT_EMIT_LOC_STRINGS = NO;
				SWIFT_VERSION = 5.0;
				TARGETED_DEVICE_FAMILY = "1,2";
				TEST_TARGET_NAME = "How to Hide TabBar in NavigationView When Using SwiftUI";
			};
			name = Release;
		};
/* End XCBuildConfiguration section */

/* Begin XCConfigurationList section */
		8F4DF5E829DE979C00812D8E /* Build configuration list for PBXProject "How to Hide TabBar in NavigationView When Using SwiftUI" */ = {
			isa = XCConfigurationList;
			buildConfigurations = (
				8F4DF60F29DE979E00812D8E /* Debug */,
				8F4DF61029DE979E00812D8E /* Release */,
			);
			defaultConfigurationIsVisible = 0;
			defaultConfigurationName = Release;
		};
		8F4DF61129DE979E00812D8E /* Build configuration list for PBXNativeTarget "How to Hide TabBar in NavigationView When Using SwiftUI" */ = {
			isa = XCConfigurationList;
			buildConfigurations = (
				8F4DF61229DE979E00812D8E /* Debug */,
				8F4DF61329DE979E00812D8E /* Release */,
			);
			defaultConfigurationIsVisible = 0;
			defaultConfigurationName = Release;
		};
		8F4DF61429DE979E00812D8E /* Build configuration list for PBXNativeTarget "How to Hide TabBar in NavigationView When Using SwiftUITests" */ = {
			isa = XCConfigurationList;
			buildConfigurations = (
				8F4DF61529DE979E00812D8E /* Debug */,
				8F4DF61629DE979E00812D8E /* Release */,
			);
			defaultConfigurationIsVisible = 0;
			defaultConfigurationName = Release;
		};
		8F4DF61729DE979E00812D8E /* Build configuration list for PBXNativeTarget "How to Hide TabBar in NavigationView When Using SwiftUIUITests" */ = {
			isa = XCConfigurationList;
			buildConfigurations = (
				8F4DF61829DE979E00812D8E /* Debug */,
				8F4DF61929DE979E00812D8E /* Release */,
			);
			defaultConfigurationIsVisible = 0;
			defaultConfigurationName = Release;
		};
/* End XCConfigurationList section */
	};
	rootObject = 8F4DF5E529DE979C00812D8E /* Project object */;
}
