// !$*UTF8*$!
{
	archiveVersion = 1;
	classes = {
	};
	objectVersion = 56;
	objects = {

/* Begin PBXBuildFile section */
		8F4DF5AA29DBC73500812D8E /* Navigation_myselfApp.swift in Sources */ = {isa = PBXBuildFile; fileRef = 8F4DF5A929DBC73500812D8E /* Navigation_myselfApp.swift */; };
		8F4DF5AC29DBC73500812D8E /* ContentView.swift in Sources */ = {isa = PBXBuildFile; fileRef = 8F4DF5AB29DBC73500812D8E /* ContentView.swift */; };
		8F4DF5AE29DBC73600812D8E /* Assets.xcassets in Resources */ = {isa = PBXBuildFile; fileRef = 8F4DF5AD29DBC73600812D8E /* Assets.xcassets */; };
		8F4DF5B129DBC73600812D8E /* Preview Assets.xcassets in Resources */ = {isa = PBXBuildFile; fileRef = 8F4DF5B029DBC73600812D8E /* Preview Assets.xcassets */; };
		8F4DF5BB29DBC73700812D8E /* Navigation_myselfTests.swift in Sources */ = {isa = PBXBuildFile; fileRef = 8F4DF5BA29DBC73700812D8E /* Navigation_myselfTests.swift */; };
		8F4DF5C529DBC73700812D8E /* Navigation_myselfUITests.swift in Sources */ = {isa = PBXBuildFile; fileRef = 8F4DF5C429DBC73700812D8E /* Navigation_myselfUITests.swift */; };
		8F4DF5C729DBC73700812D8E /* Navigation_myselfUITestsLaunchTests.swift in Sources */ = {isa = PBXBuildFile; fileRef = 8F4DF5C629DBC73700812D8E /* Navigation_myselfUITestsLaunchTests.swift */; };
		8F4DF5D429DD0D5B00812D8E /* CartView.swift in Sources */ = {isa = PBXBuildFile; fileRef = 8F4DF5D329DD0D5B00812D8E /* CartView.swift */; };
		8F4DF5D629DD0DA200812D8E /* HomeView.swift in Sources */ = {isa = PBXBuildFile; fileRef = 8F4DF5D529DD0DA200812D8E /* HomeView.swift */; };
		8F4DF5DB29DD0E9A00812D8E /* ShopView.swift in Sources */ = {isa = PBXBuildFile; fileRef = 8F4DF5DA29DD0E9A00812D8E /* ShopView.swift */; };
		8F4DF5DD29DD0ED700812D8E /* ProfileView.swift in Sources */ = {isa = PBXBuildFile; fileRef = 8F4DF5DC29DD0ED700812D8E /* ProfileView.swift */; };
		8F4DF5E329DD185E00812D8E /* Head.swift in Sources */ = {isa = PBXBuildFile; fileRef = 8F4DF5E229DD185E00812D8E /* Head.swift */; };
/* End PBXBuildFile section */

/* Begin PBXContainerItemProxy section */
		8F4DF5B729DBC73700812D8E /* PBXContainerItemProxy */ = {
			isa = PBXContainerItemProxy;
			containerPortal = 8F4DF59E29DBC73400812D8E /* Project object */;
			proxyType = 1;
			remoteGlobalIDString = 8F4DF5A529DBC73500812D8E;
			remoteInfo = Navigation_myself;
		};
		8F4DF5C129DBC73700812D8E /* PBXContainerItemProxy */ = {
			isa = PBXContainerItemProxy;
			containerPortal = 8F4DF59E29DBC73400812D8E /* Project object */;
			proxyType = 1;
			remoteGlobalIDString = 8F4DF5A529DBC73500812D8E;
			remoteInfo = Navigation_myself;
		};
/* End PBXContainerItemProxy section */

/* Begin PBXFileReference section */
		8F4DF5A629DBC73500812D8E /* Navigation_myself.app */ = {isa = PBXFileReference; explicitFileType = wrapper.application; includeInIndex = 0; path = Navigation_myself.app; sourceTree = BUILT_PRODUCTS_DIR; };
		8F4DF5A929DBC73500812D8E /* Navigation_myselfApp.swift */ = {isa = PBXFileReference; lastKnownFileType = sourcecode.swift; path = Navigation_myselfApp.swift; sourceTree = "<group>"; };
		8F4DF5AB29DBC73500812D8E /* ContentView.swift */ = {isa = PBXFileReference; lastKnownFileType = sourcecode.swift; path = ContentView.swift; sourceTree = "<group>"; };
		8F4DF5AD29DBC73600812D8E /* Assets.xcassets */ = {isa = PBXFileReference; lastKnownFileType = folder.assetcatalog; path = Assets.xcassets; sourceTree = "<group>"; };
		8F4DF5B029DBC73600812D8E /* Preview Assets.xcassets */ = {isa = PBXFileReference; lastKnownFileType = folder.assetcatalog; path = "Preview Assets.xcassets"; sourceTree = "<group>"; };
		8F4DF5B629DBC73700812D8E /* Navigation_myselfTests.xctest */ = {isa = PBXFileReference; explicitFileType = wrapper.cfbundle; includeInIndex = 0; path = Navigation_myselfTests.xctest; sourceTree = BUILT_PRODUCTS_DIR; };
		8F4DF5BA29DBC73700812D8E /* Navigation_myselfTests.swift */ = {isa = PBXFileReference; lastKnownFileType = sourcecode.swift; path = Navigation_myselfTests.swift; sourceTree = "<group>"; };
		8F4DF5C029DBC73700812D8E /* Navigation_myselfUITests.xctest */ = {isa = PBXFileReference; explicitFileType = wrapper.cfbundle; includeInIndex = 0; path = Navigation_myselfUITests.xctest; sourceTree = BUILT_PRODUCTS_DIR; };
		8F4DF5C429DBC73700812D8E /* Navigation_myselfUITests.swift */ = {isa = PBXFileReference; lastKnownFileType = sourcecode.swift; path = Navigation_myselfUITests.swift; sourceTree = "<group>"; };
		8F4DF5C629DBC73700812D8E /* Navigation_myselfUITestsLaunchTests.swift */ = {isa = PBXFileReference; lastKnownFileType = sourcecode.swift; path = Navigation_myselfUITestsLaunchTests.swift; sourceTree = "<group>"; };
		8F4DF5D329DD0D5B00812D8E /* CartView.swift */ = {isa = PBXFileReference; lastKnownFileType = sourcecode.swift; path = CartView.swift; sourceTree = "<group>"; };
		8F4DF5D529DD0DA200812D8E /* HomeView.swift */ = {isa = PBXFileReference; lastKnownFileType = sourcecode.swift; path = HomeView.swift; sourceTree = "<group>"; };
		8F4DF5DA29DD0E9A00812D8E /* ShopView.swift */ = {isa = PBXFileReference; lastKnownFileType = sourcecode.swift; path = ShopView.swift; sourceTree = "<group>"; };
		8F4DF5DC29DD0ED700812D8E /* ProfileView.swift */ = {isa = PBXFileReference; lastKnownFileType = sourcecode.swift; path = ProfileView.swift; sourceTree = "<group>"; };
		8F4DF5E229DD185E00812D8E /* Head.swift */ = {isa = PBXFileReference; lastKnownFileType = sourcecode.swift; path = Head.swift; sourceTree = "<group>"; };
/* End PBXFileReference section */

/* Begin PBXFrameworksBuildPhase section */
		8F4DF5A329DBC73500812D8E /* Frameworks */ = {
			isa = PBXFrameworksBuildPhase;
			buildActionMask = 2147483647;
			files = (
			);
			runOnlyForDeploymentPostprocessing = 0;
		};
		8F4DF5B329DBC73700812D8E /* Frameworks */ = {
			isa = PBXFrameworksBuildPhase;
			buildActionMask = 2147483647;
			files = (
			);
			runOnlyForDeploymentPostprocessing = 0;
		};
		8F4DF5BD29DBC73700812D8E /* Frameworks */ = {
			isa = PBXFrameworksBuildPhase;
			buildActionMask = 2147483647;
			files = (
			);
			runOnlyForDeploymentPostprocessing = 0;
		};
/* End PBXFrameworksBuildPhase section */

/* Begin PBXGroup section */
		8F4DF59D29DBC73400812D8E = {
			isa = PBXGroup;
			children = (
				8F4DF5A829DBC73500812D8E /* Navigation_myself */,
				8F4DF5B929DBC73700812D8E /* Navigation_myselfTests */,
				8F4DF5C329DBC73700812D8E /* Navigation_myselfUITests */,
				8F4DF5A729DBC73500812D8E /* Products */,
			);
			sourceTree = "<group>";
		};
		8F4DF5A729DBC73500812D8E /* Products */ = {
			isa = PBXGroup;
			children = (
				8F4DF5A629DBC73500812D8E /* Navigation_myself.app */,
				8F4DF5B629DBC73700812D8E /* Navigation_myselfTests.xctest */,
				8F4DF5C029DBC73700812D8E /* Navigation_myselfUITests.xctest */,
			);
			name = Products;
			sourceTree = "<group>";
		};
		8F4DF5A829DBC73500812D8E /* Navigation_myself */ = {
			isa = PBXGroup;
			children = (
				8F4DF5D729DD0DCD00812D8E /* View */,
				8F4DF5AD29DBC73600812D8E /* Assets.xcassets */,
				8F4DF5A929DBC73500812D8E /* Navigation_myselfApp.swift */,
				8F4DF5AF29DBC73600812D8E /* Preview Content */,
			);
			path = Navigation_myself;
			sourceTree = "<group>";
		};
		8F4DF5AF29DBC73600812D8E /* Preview Content */ = {
			isa = PBXGroup;
			children = (
				8F4DF5B029DBC73600812D8E /* Preview Assets.xcassets */,
			);
			path = "Preview Content";
			sourceTree = "<group>";
		};
		8F4DF5B929DBC73700812D8E /* Navigation_myselfTests */ = {
			isa = PBXGroup;
			children = (
				8F4DF5BA29DBC73700812D8E /* Navigation_myselfTests.swift */,
			);
			path = Navigation_myselfTests;
			sourceTree = "<group>";
		};
		8F4DF5C329DBC73700812D8E /* Navigation_myselfUITests */ = {
			isa = PBXGroup;
			children = (
				8F4DF5C429DBC73700812D8E /* Navigation_myselfUITests.swift */,
				8F4DF5C629DBC73700812D8E /* Navigation_myselfUITestsLaunchTests.swift */,
			);
			path = Navigation_myselfUITests;
			sourceTree = "<group>";
		};
		8F4DF5D729DD0DCD00812D8E /* View */ = {
			isa = PBXGroup;
			children = (
				8F4DF5AB29DBC73500812D8E /* ContentView.swift */,
				8F4DF5D529DD0DA200812D8E /* HomeView.swift */,
				8F4DF5DA29DD0E9A00812D8E /* ShopView.swift */,
				8F4DF5DC29DD0ED700812D8E /* ProfileView.swift */,
				8F4DF5D329DD0D5B00812D8E /* CartView.swift */,
				8F4DF5E229DD185E00812D8E /* Head.swift */,
			);
			path = View;
			sourceTree = "<group>";
		};
/* End PBXGroup section */

/* Begin PBXNativeTarget section */
		8F4DF5A529DBC73500812D8E /* Navigation_myself */ = {
			isa = PBXNativeTarget;
			buildConfigurationList = 8F4DF5CA29DBC73700812D8E /* Build configuration list for PBXNativeTarget "Navigation_myself" */;
			buildPhases = (
				8F4DF5A229DBC73500812D8E /* Sources */,
				8F4DF5A329DBC73500812D8E /* Frameworks */,
				8F4DF5A429DBC73500812D8E /* Resources */,
			);
			buildRules = (
			);
			dependencies = (
			);
			name = Navigation_myself;
			productName = Navigation_myself;
			productReference = 8F4DF5A629DBC73500812D8E /* Navigation_myself.app */;
			productType = "com.apple.product-type.application";
		};
		8F4DF5B529DBC73700812D8E /* Navigation_myselfTests */ = {
			isa = PBXNativeTarget;
			buildConfigurationList = 8F4DF5CD29DBC73700812D8E /* Build configuration list for PBXNativeTarget "Navigation_myselfTests" */;
			buildPhases = (
				8F4DF5B229DBC73700812D8E /* Sources */,
				8F4DF5B329DBC73700812D8E /* Frameworks */,
				8F4DF5B429DBC73700812D8E /* Resources */,
			);
			buildRules = (
			);
			dependencies = (
				8F4DF5B829DBC73700812D8E /* PBXTargetDependency */,
			);
			name = Navigation_myselfTests;
			productName = Navigation_myselfTests;
			productReference = 8F4DF5B629DBC73700812D8E /* Navigation_myselfTests.xctest */;
			productType = "com.apple.product-type.bundle.unit-test";
		};
		8F4DF5BF29DBC73700812D8E /* Navigation_myselfUITests */ = {
			isa = PBXNativeTarget;
			buildConfigurationList = 8F4DF5D029DBC73700812D8E /* Build configuration list for PBXNativeTarget "Navigation_myselfUITests" */;
			buildPhases = (
				8F4DF5BC29DBC73700812D8E /* Sources */,
				8F4DF5BD29DBC73700812D8E /* Frameworks */,
				8F4DF5BE29DBC73700812D8E /* Resources */,
			);
			buildRules = (
			);
			dependencies = (
				8F4DF5C229DBC73700812D8E /* PBXTargetDependency */,
			);
			name = Navigation_myselfUITests;
			productName = Navigation_myselfUITests;
			productReference = 8F4DF5C029DBC73700812D8E /* Navigation_myselfUITests.xctest */;
			productType = "com.apple.product-type.bundle.ui-testing";
		};
/* End PBXNativeTarget section */

/* Begin PBXProject section */
		8F4DF59E29DBC73400812D8E /* Project object */ = {
			isa = PBXProject;
			attributes = {
				BuildIndependentTargetsInParallel = 1;
				LastSwiftUpdateCheck = 1420;
				LastUpgradeCheck = 1420;
				TargetAttributes = {
					8F4DF5A529DBC73500812D8E = {
						CreatedOnToolsVersion = 14.2;
					};
					8F4DF5B529DBC73700812D8E = {
						CreatedOnToolsVersion = 14.2;
						TestTargetID = 8F4DF5A529DBC73500812D8E;
					};
					8F4DF5BF29DBC73700812D8E = {
						CreatedOnToolsVersion = 14.2;
						TestTargetID = 8F4DF5A529DBC73500812D8E;
					};
				};
			};
			buildConfigurationList = 8F4DF5A129DBC73400812D8E /* Build configuration list for PBXProject "Navigation_myself" */;
			compatibilityVersion = "Xcode 14.0";
			developmentRegion = en;
			hasScannedForEncodings = 0;
			knownRegions = (
				en,
				Base,
			);
			mainGroup = 8F4DF59D29DBC73400812D8E;
			productRefGroup = 8F4DF5A729DBC73500812D8E /* Products */;
			projectDirPath = "";
			projectRoot = "";
			targets = (
				8F4DF5A529DBC73500812D8E /* Navigation_myself */,
				8F4DF5B529DBC73700812D8E /* Navigation_myselfTests */,
				8F4DF5BF29DBC73700812D8E /* Navigation_myselfUITests */,
			);
		};
/* End PBXProject section */

/* Begin PBXResourcesBuildPhase section */
		8F4DF5A429DBC73500812D8E /* Resources */ = {
			isa = PBXResourcesBuildPhase;
			buildActionMask = 2147483647;
			files = (
				8F4DF5B129DBC73600812D8E /* Preview Assets.xcassets in Resources */,
				8F4DF5AE29DBC73600812D8E /* Assets.xcassets in Resources */,
			);
			runOnlyForDeploymentPostprocessing = 0;
		};
		8F4DF5B429DBC73700812D8E /* Resources */ = {
			isa = PBXResourcesBuildPhase;
			buildActionMask = 2147483647;
			files = (
			);
			runOnlyForDeploymentPostprocessing = 0;
		};
		8F4DF5BE29DBC73700812D8E /* Resources */ = {
			isa = PBXResourcesBuildPhase;
			buildActionMask = 2147483647;
			files = (
			);
			runOnlyForDeploymentPostprocessing = 0;
		};
/* End PBXResourcesBuildPhase section */

/* Begin PBXSourcesBuildPhase section */
		8F4DF5A229DBC73500812D8E /* Sources */ = {
			isa = PBXSourcesBuildPhase;
			buildActionMask = 2147483647;
			files = (
				8F4DF5E329DD185E00812D8E /* Head.swift in Sources */,
				8F4DF5D429DD0D5B00812D8E /* CartView.swift in Sources */,
				8F4DF5D629DD0DA200812D8E /* HomeView.swift in Sources */,
				8F4DF5AC29DBC73500812D8E /* ContentView.swift in Sources */,
				8F4DF5DB29DD0E9A00812D8E /* ShopView.swift in Sources */,
				8F4DF5DD29DD0ED700812D8E /* ProfileView.swift in Sources */,
				8F4DF5AA29DBC73500812D8E /* Navigation_myselfApp.swift in Sources */,
			);
			runOnlyForDeploymentPostprocessing = 0;
		};
		8F4DF5B229DBC73700812D8E /* Sources */ = {
			isa = PBXSourcesBuildPhase;
			buildActionMask = 2147483647;
			files = (
				8F4DF5BB29DBC73700812D8E /* Navigation_myselfTests.swift in Sources */,
			);
			runOnlyForDeploymentPostprocessing = 0;
		};
		8F4DF5BC29DBC73700812D8E /* Sources */ = {
			isa = PBXSourcesBuildPhase;
			buildActionMask = 2147483647;
			files = (
				8F4DF5C729DBC73700812D8E /* Navigation_myselfUITestsLaunchTests.swift in Sources */,
				8F4DF5C529DBC73700812D8E /* Navigation_myselfUITests.swift in Sources */,
			);
			runOnlyForDeploymentPostprocessing = 0;
		};
/* End PBXSourcesBuildPhase section */

/* Begin PBXTargetDependency section */
		8F4DF5B829DBC73700812D8E /* PBXTargetDependency */ = {
			isa = PBXTargetDependency;
			target = 8F4DF5A529DBC73500812D8E /* Navigation_myself */;
			targetProxy = 8F4DF5B729DBC73700812D8E /* PBXContainerItemProxy */;
		};
		8F4DF5C229DBC73700812D8E /* PBXTargetDependency */ = {
			isa = PBXTargetDependency;
			target = 8F4DF5A529DBC73500812D8E /* Navigation_myself */;
			targetProxy = 8F4DF5C129DBC73700812D8E /* PBXContainerItemProxy */;
		};
/* End PBXTargetDependency section */

/* Begin XCBuildConfiguration section */
		8F4DF5C829DBC73700812D8E /* Debug */ = {
			isa = XCBuildConfiguration;
			buildSettings = {
				ALWAYS_SEARCH_USER_PATHS = NO;
				CLANG_ANALYZER_NONNULL = YES;
				CLANG_ANALYZER_NUMBER_OBJECT_CONVERSION = YES_AGGRESSIVE;
				CLANG_CXX_LANGUAGE_STANDARD = "gnu++20";
				CLANG_ENABLE_MODULES = YES;
				CLANG_ENABLE_OBJC_ARC = YES;
				CLANG_ENABLE_OBJC_WEAK = YES;
				CLANG_WARN_BLOCK_CAPTURE_AUTORELEASING = YES;
				CLANG_WARN_BOOL_CONVERSION = YES;
				CLANG_WARN_COMMA = YES;
				CLANG_WARN_CONSTANT_CONVERSION = YES;
				CLANG_WARN_DEPRECATED_OBJC_IMPLEMENTATIONS = YES;
				CLANG_WARN_DIRECT_OBJC_ISA_USAGE = YES_ERROR;
				CLANG_WARN_DOCUMENTATION_COMMENTS = YES;
				CLANG_WARN_EMPTY_BODY = YES;
				CLANG_WARN_ENUM_CONVERSION = YES;
				CLANG_WARN_INFINITE_RECURSION = YES;
				CLANG_WARN_INT_CONVERSION = YES;
				CLANG_WARN_NON_LITERAL_NULL_CONVERSION = YES;
				CLANG_WARN_OBJC_IMPLICIT_RETAIN_SELF = YES;
				CLANG_WARN_OBJC_LITERAL_CONVERSION = YES;
				CLANG_WARN_OBJC_ROOT_CLASS = YES_ERROR;
				CLANG_WARN_QUOTED_INCLUDE_IN_FRAMEWORK_HEADER = YES;
				CLANG_WARN_RANGE_LOOP_ANALYSIS = YES;
				CLANG_WARN_STRICT_PROTOTYPES = YES;
				CLANG_WARN_SUSPICIOUS_MOVE = YES;
				CLANG_WARN_UNGUARDED_AVAILABILITY = YES_AGGRESSIVE;
				CLANG_WARN_UNREACHABLE_CODE = YES;
				CLANG_WARN__DUPLICATE_METHOD_MATCH = YES;
				COPY_PHASE_STRIP = NO;
				DEBUG_INFORMATION_FORMAT = dwarf;
				ENABLE_STRICT_OBJC_MSGSEND = YES;
				ENABLE_TESTABILITY = YES;
				GCC_C_LANGUAGE_STANDARD = gnu11;
				GCC_DYNAMIC_NO_PIC = NO;
				GCC_NO_COMMON_BLOCKS = YES;
				GCC_OPTIMIZATION_LEVEL = 0;
				GCC_PREPROCESSOR_DEFINITIONS = (
					"DEBUG=1",
					"$(inherited)",
				);
				GCC_WARN_64_TO_32_BIT_CONVERSION = YES;
				GCC_WARN_ABOUT_RETURN_TYPE = YES_ERROR;
				GCC_WARN_UNDECLARED_SELECTOR = YES;
				GCC_WARN_UNINITIALIZED_AUTOS = YES_AGGRESSIVE;
				GCC_WARN_UNUSED_FUNCTION = YES;
				GCC_WARN_UNUSED_VARIABLE = YES;
				IPHONEOS_DEPLOYMENT_TARGET = 16.2;
				MTL_ENABLE_DEBUG_INFO = INCLUDE_SOURCE;
				MTL_FAST_MATH = YES;
				ONLY_ACTIVE_ARCH = YES;
				SDKROOT = iphoneos;
				SWIFT_ACTIVE_COMPILATION_CONDITIONS = DEBUG;
				SWIFT_OPTIMIZATION_LEVEL = "-Onone";
			};
			name = Debug;
		};
		8F4DF5C929DBC73700812D8E /* Release */ = {
			isa = XCBuildConfiguration;
			buildSettings = {
				ALWAYS_SEARCH_USER_PATHS = NO;
				CLANG_ANALYZER_NONNULL = YES;
				CLANG_ANALYZER_NUMBER_OBJECT_CONVERSION = YES_AGGRESSIVE;
				CLANG_CXX_LANGUAGE_STANDARD = "gnu++20";
				CLANG_ENABLE_MODULES = YES;
				CLANG_ENABLE_OBJC_ARC = YES;
				CLANG_ENABLE_OBJC_WEAK = YES;
				CLANG_WARN_BLOCK_CAPTURE_AUTORELEASING = YES;
				CLANG_WARN_BOOL_CONVERSION = YES;
				CLANG_WARN_COMMA = YES;
				CLANG_WARN_CONSTANT_CONVERSION = YES;
				CLANG_WARN_DEPRECATED_OBJC_IMPLEMENTATIONS = YES;
				CLANG_WARN_DIRECT_OBJC_ISA_USAGE = YES_ERROR;
				CLANG_WARN_DOCUMENTATION_COMMENTS = YES;
				CLANG_WARN_EMPTY_BODY = YES;
				CLANG_WARN_ENUM_CONVERSION = YES;
				CLANG_WARN_INFINITE_RECURSION = YES;
				CLANG_WARN_INT_CONVERSION = YES;
				CLANG_WARN_NON_LITERAL_NULL_CONVERSION = YES;
				CLANG_WARN_OBJC_IMPLICIT_RETAIN_SELF = YES;
				CLANG_WARN_OBJC_LITERAL_CONVERSION = YES;
				CLANG_WARN_OBJC_ROOT_CLASS = YES_ERROR;
				CLANG_WARN_QUOTED_INCLUDE_IN_FRAMEWORK_HEADER = YES;
				CLANG_WARN_RANGE_LOOP_ANALYSIS = YES;
				CLANG_WARN_STRICT_PROTOTYPES = YES;
				CLANG_WARN_SUSPICIOUS_MOVE = YES;
				CLANG_WARN_UNGUARDED_AVAILABILITY = YES_AGGRESSIVE;
				CLANG_WARN_UNREACHABLE_CODE = YES;
				CLANG_WARN__DUPLICATE_METHOD_MATCH = YES;
				COPY_PHASE_STRIP = NO;
				DEBUG_INFORMATION_FORMAT = "dwarf-with-dsym";
				ENABLE_NS_ASSERTIONS = NO;
				ENABLE_STRICT_OBJC_MSGSEND = YES;
				GCC_C_LANGUAGE_STANDARD = gnu11;
				GCC_NO_COMMON_BLOCKS = YES;
				GCC_WARN_64_TO_32_BIT_CONVERSION = YES;
				GCC_WARN_ABOUT_RETURN_TYPE = YES_ERROR;
				GCC_WARN_UNDECLARED_SELECTOR = YES;
				GCC_WARN_UNINITIALIZED_AUTOS = YES_AGGRESSIVE;
				GCC_WARN_UNUSED_FUNCTION = YES;
				GCC_WARN_UNUSED_VARIABLE = YES;
				IPHONEOS_DEPLOYMENT_TARGET = 16.2;
				MTL_ENABLE_DEBUG_INFO = NO;
				MTL_FAST_MATH = YES;
				SDKROOT = iphoneos;
				SWIFT_COMPILATION_MODE = wholemodule;
				SWIFT_OPTIMIZATION_LEVEL = "-O";
				VALIDATE_PRODUCT = YES;
			};
			name = Release;
		};
		8F4DF5CB29DBC73700812D8E /* Debug */ = {
			isa = XCBuildConfiguration;
			buildSettings = {
				ASSETCATALOG_COMPILER_APPICON_NAME = AppIcon;
				ASSETCATALOG_COMPILER_GLOBAL_ACCENT_COLOR_NAME = AccentColor;
				CODE_SIGN_STYLE = Automatic;
				CURRENT_PROJECT_VERSION = 1;
				DEVELOPMENT_ASSET_PATHS = "\"Navigation_myself/Preview Content\"";
				DEVELOPMENT_TEAM = C5ZC74W3Z4;
				ENABLE_PREVIEWS = YES;
				GENERATE_INFOPLIST_FILE = YES;
				INFOPLIST_KEY_UIApplicationSceneManifest_Generation = YES;
				INFOPLIST_KEY_UIApplicationSupportsIndirectInputEvents = YES;
				INFOPLIST_KEY_UILaunchScreen_Generation = YES;
				INFOPLIST_KEY_UISupportedInterfaceOrientations_iPad = "UIInterfaceOrientationPortrait UIInterfaceOrientationPortraitUpsideDown UIInterfaceOrientationLandscapeLeft UIInterfaceOrientationLandscapeRight";
				INFOPLIST_KEY_UISupportedInterfaceOrientations_iPhone = "UIInterfaceOrientationPortrait UIInterfaceOrientationLandscapeLeft UIInterfaceOrientationLandscapeRight";
				IPHONEOS_DEPLOYMENT_TARGET = 16.0;
				LD_RUNPATH_SEARCH_PATHS = (
					"$(inherited)",
					"@executable_path/Frameworks",
				);
				MARKETING_VERSION = 1.0;
				PRODUCT_BUNDLE_IDENTIFIER = "net.jinto.Navigation-myself";
				PRODUCT_NAME = "$(TARGET_NAME)";
				SWIFT_EMIT_LOC_STRINGS = YES;
				SWIFT_VERSION = 5.0;
				TARGETED_DEVICE_FAMILY = "1,2";
			};
			name = Debug;
		};
		8F4DF5CC29DBC73700812D8E /* Release */ = {
			isa = XCBuildConfiguration;
			buildSettings = {
				ASSETCATALOG_COMPILER_APPICON_NAME = AppIcon;
				ASSETCATALOG_COMPILER_GLOBAL_ACCENT_COLOR_NAME = AccentColor;
				CODE_SIGN_STYLE = Automatic;
				CURRENT_PROJECT_VERSION = 1;
				DEVELOPMENT_ASSET_PATHS = "\"Navigation_myself/Preview Content\"";
				DEVELOPMENT_TEAM = C5ZC74W3Z4;
				ENABLE_PREVIEWS = YES;
				GENERATE_INFOPLIST_FILE = YES;
				INFOPLIST_KEY_UIApplicationSceneManifest_Generation = YES;
				INFOPLIST_KEY_UIApplicationSupportsIndirectInputEvents = YES;
				INFOPLIST_KEY_UILaunchScreen_Generation = YES;
				INFOPLIST_KEY_UISupportedInterfaceOrientations_iPad = "UIInterfaceOrientationPortrait UIInterfaceOrientationPortraitUpsideDown UIInterfaceOrientationLandscapeLeft UIInterfaceOrientationLandscapeRight";
				INFOPLIST_KEY_UISupportedInterfaceOrientations_iPhone = "UIInterfaceOrientationPortrait UIInterfaceOrientationLandscapeLeft UIInterfaceOrientationLandscapeRight";
				IPHONEOS_DEPLOYMENT_TARGET = 16.0;
				LD_RUNPATH_SEARCH_PATHS = (
					"$(inherited)",
					"@executable_path/Frameworks",
				);
				MARKETING_VERSION = 1.0;
				PRODUCT_BUNDLE_IDENTIFIER = "net.jinto.Navigation-myself";
				PRODUCT_NAME = "$(TARGET_NAME)";
				SWIFT_EMIT_LOC_STRINGS = YES;
				SWIFT_VERSION = 5.0;
				TARGETED_DEVICE_FAMILY = "1,2";
			};
			name = Release;
		};
		8F4DF5CE29DBC73700812D8E /* Debug */ = {
			isa = XCBuildConfiguration;
			buildSettings = {
				ALWAYS_EMBED_SWIFT_STANDARD_LIBRARIES = YES;
				BUNDLE_LOADER = "$(TEST_HOST)";
				CODE_SIGN_STYLE = Automatic;
				CURRENT_PROJECT_VERSION = 1;
				GENERATE_INFOPLIST_FILE = YES;
				IPHONEOS_DEPLOYMENT_TARGET = 16.2;
				MARKETING_VERSION = 1.0;
				PRODUCT_BUNDLE_IDENTIFIER = "net.jinto.Navigation-myselfTests";
				PRODUCT_NAME = "$(TARGET_NAME)";
				SWIFT_EMIT_LOC_STRINGS = NO;
				SWIFT_VERSION = 5.0;
				TARGETED_DEVICE_FAMILY = "1,2";
				TEST_HOST = "$(BUILT_PRODUCTS_DIR)/Navigation_myself.app/$(BUNDLE_EXECUTABLE_FOLDER_PATH)/Navigation_myself";
			};
			name = Debug;
		};
		8F4DF5CF29DBC73700812D8E /* Release */ = {
			isa = XCBuildConfiguration;
			buildSettings = {
				ALWAYS_EMBED_SWIFT_STANDARD_LIBRARIES = YES;
				BUNDLE_LOADER = "$(TEST_HOST)";
				CODE_SIGN_STYLE = Automatic;
				CURRENT_PROJECT_VERSION = 1;
				GENERATE_INFOPLIST_FILE = YES;
				IPHONEOS_DEPLOYMENT_TARGET = 16.2;
				MARKETING_VERSION = 1.0;
				PRODUCT_BUNDLE_IDENTIFIER = "net.jinto.Navigation-myselfTests";
				PRODUCT_NAME = "$(TARGET_NAME)";
				SWIFT_EMIT_LOC_STRINGS = NO;
				SWIFT_VERSION = 5.0;
				TARGETED_DEVICE_FAMILY = "1,2";
				TEST_HOST = "$(BUILT_PRODUCTS_DIR)/Navigation_myself.app/$(BUNDLE_EXECUTABLE_FOLDER_PATH)/Navigation_myself";
			};
			name = Release;
		};
		8F4DF5D129DBC73700812D8E /* Debug */ = {
			isa = XCBuildConfiguration;
			buildSettings = {
				ALWAYS_EMBED_SWIFT_STANDARD_LIBRARIES = YES;
				CODE_SIGN_STYLE = Automatic;
				CURRENT_PROJECT_VERSION = 1;
				GENERATE_INFOPLIST_FILE = YES;
				MARKETING_VERSION = 1.0;
				PRODUCT_BUNDLE_IDENTIFIER = "net.jinto.Navigation-myselfUITests";
				PRODUCT_NAME = "$(TARGET_NAME)";
				SWIFT_EMIT_LOC_STRINGS = NO;
				SWIFT_VERSION = 5.0;
				TARGETED_DEVICE_FAMILY = "1,2";
				TEST_TARGET_NAME = Navigation_myself;
			};
			name = Debug;
		};
		8F4DF5D229DBC73700812D8E /* Release */ = {
			isa = XCBuildConfiguration;
			buildSettings = {
				ALWAYS_EMBED_SWIFT_STANDARD_LIBRARIES = YES;
				CODE_SIGN_STYLE = Automatic;
				CURRENT_PROJECT_VERSION = 1;
				GENERATE_INFOPLIST_FILE = YES;
				MARKETING_VERSION = 1.0;
				PRODUCT_BUNDLE_IDENTIFIER = "net.jinto.Navigation-myselfUITests";
				PRODUCT_NAME = "$(TARGET_NAME)";
				SWIFT_EMIT_LOC_STRINGS = NO;
				SWIFT_VERSION = 5.0;
				TARGETED_DEVICE_FAMILY = "1,2";
				TEST_TARGET_NAME = Navigation_myself;
			};
			name = Release;
		};
/* End XCBuildConfiguration section */

/* Begin XCConfigurationList section */
		8F4DF5A129DBC73400812D8E /* Build configuration list for PBXProject "Navigation_myself" */ = {
			isa = XCConfigurationList;
			buildConfigurations = (
				8F4DF5C829DBC73700812D8E /* Debug */,
				8F4DF5C929DBC73700812D8E /* Release */,
			);
			defaultConfigurationIsVisible = 0;
			defaultConfigurationName = Release;
		};
		8F4DF5CA29DBC73700812D8E /* Build configuration list for PBXNativeTarget "Navigation_myself" */ = {
			isa = XCConfigurationList;
			buildConfigurations = (
				8F4DF5CB29DBC73700812D8E /* Debug */,
				8F4DF5CC29DBC73700812D8E /* Release */,
			);
			defaultConfigurationIsVisible = 0;
			defaultConfigurationName = Release;
		};
		8F4DF5CD29DBC73700812D8E /* Build configuration list for PBXNativeTarget "Navigation_myselfTests" */ = {
			isa = XCConfigurationList;
			buildConfigurations = (
				8F4DF5CE29DBC73700812D8E /* Debug */,
				8F4DF5CF29DBC73700812D8E /* Release */,
			);
			defaultConfigurationIsVisible = 0;
			defaultConfigurationName = Release;
		};
		8F4DF5D029DBC73700812D8E /* Build configuration list for PBXNativeTarget "Navigation_myselfUITests" */ = {
			isa = XCConfigurationList;
			buildConfigurations = (
				8F4DF5D129DBC73700812D8E /* Debug */,
				8F4DF5D229DBC73700812D8E /* Release */,
			);
			defaultConfigurationIsVisible = 0;
			defaultConfigurationName = Release;
		};
/* End XCConfigurationList section */
	};
	rootObject = 8F4DF59E29DBC73400812D8E /* Project object */;
}
