// !$*UTF8*$!
{
	archiveVersion = 1;
	classes = {
	};
	objectVersion = 56;
	objects = {

/* Begin PBXBuildFile section */
		8F8882C129D801E900261531 /* ProgressViewApp.swift in Sources */ = {isa = PBXBuildFile; fileRef = 8F8882C029D801E900261531 /* ProgressViewApp.swift */; };
		8F8882C329D801E900261531 /* ContentView.swift in Sources */ = {isa = PBXBuildFile; fileRef = 8F8882C229D801E900261531 /* ContentView.swift */; };
		8F8882C529D801EB00261531 /* Assets.xcassets in Resources */ = {isa = PBXBuildFile; fileRef = 8F8882C429D801EB00261531 /* Assets.xcassets */; };
		8F8882C829D801EB00261531 /* Preview Assets.xcassets in Resources */ = {isa = PBXBuildFile; fileRef = 8F8882C729D801EB00261531 /* Preview Assets.xcassets */; };
		8F8882D229D801EC00261531 /* ProgressViewTests.swift in Sources */ = {isa = PBXBuildFile; fileRef = 8F8882D129D801EC00261531 /* ProgressViewTests.swift */; };
		8F8882DC29D801EC00261531 /* ProgressViewUITests.swift in Sources */ = {isa = PBXBuildFile; fileRef = 8F8882DB29D801EC00261531 /* ProgressViewUITests.swift */; };
		8F8882DE29D801EC00261531 /* ProgressViewUITestsLaunchTests.swift in Sources */ = {isa = PBXBuildFile; fileRef = 8F8882DD29D801EC00261531 /* ProgressViewUITestsLaunchTests.swift */; };
/* End PBXBuildFile section */

/* Begin PBXContainerItemProxy section */
		8F8882CE29D801EC00261531 /* PBXContainerItemProxy */ = {
			isa = PBXContainerItemProxy;
			containerPortal = 8F8882B529D801E900261531 /* Project object */;
			proxyType = 1;
			remoteGlobalIDString = 8F8882BC29D801E900261531;
			remoteInfo = ProgressView;
		};
		8F8882D829D801EC00261531 /* PBXContainerItemProxy */ = {
			isa = PBXContainerItemProxy;
			containerPortal = 8F8882B529D801E900261531 /* Project object */;
			proxyType = 1;
			remoteGlobalIDString = 8F8882BC29D801E900261531;
			remoteInfo = ProgressView;
		};
/* End PBXContainerItemProxy section */

/* Begin PBXFileReference section */
		8F8882BD29D801E900261531 /* ProgressView.app */ = {isa = PBXFileReference; explicitFileType = wrapper.application; includeInIndex = 0; path = ProgressView.app; sourceTree = BUILT_PRODUCTS_DIR; };
		8F8882C029D801E900261531 /* ProgressViewApp.swift */ = {isa = PBXFileReference; lastKnownFileType = sourcecode.swift; path = ProgressViewApp.swift; sourceTree = "<group>"; };
		8F8882C229D801E900261531 /* ContentView.swift */ = {isa = PBXFileReference; lastKnownFileType = sourcecode.swift; path = ContentView.swift; sourceTree = "<group>"; };
		8F8882C429D801EB00261531 /* Assets.xcassets */ = {isa = PBXFileReference; lastKnownFileType = folder.assetcatalog; path = Assets.xcassets; sourceTree = "<group>"; };
		8F8882C729D801EB00261531 /* Preview Assets.xcassets */ = {isa = PBXFileReference; lastKnownFileType = folder.assetcatalog; path = "Preview Assets.xcassets"; sourceTree = "<group>"; };
		8F8882CD29D801EC00261531 /* ProgressViewTests.xctest */ = {isa = PBXFileReference; explicitFileType = wrapper.cfbundle; includeInIndex = 0; path = ProgressViewTests.xctest; sourceTree = BUILT_PRODUCTS_DIR; };
		8F8882D129D801EC00261531 /* ProgressViewTests.swift */ = {isa = PBXFileReference; lastKnownFileType = sourcecode.swift; path = ProgressViewTests.swift; sourceTree = "<group>"; };
		8F8882D729D801EC00261531 /* ProgressViewUITests.xctest */ = {isa = PBXFileReference; explicitFileType = wrapper.cfbundle; includeInIndex = 0; path = ProgressViewUITests.xctest; sourceTree = BUILT_PRODUCTS_DIR; };
		8F8882DB29D801EC00261531 /* ProgressViewUITests.swift */ = {isa = PBXFileReference; lastKnownFileType = sourcecode.swift; path = ProgressViewUITests.swift; sourceTree = "<group>"; };
		8F8882DD29D801EC00261531 /* ProgressViewUITestsLaunchTests.swift */ = {isa = PBXFileReference; lastKnownFileType = sourcecode.swift; path = ProgressViewUITestsLaunchTests.swift; sourceTree = "<group>"; };
/* End PBXFileReference section */

/* Begin PBXFrameworksBuildPhase section */
		8F8882BA29D801E900261531 /* Frameworks */ = {
			isa = PBXFrameworksBuildPhase;
			buildActionMask = 2147483647;
			files = (
			);
			runOnlyForDeploymentPostprocessing = 0;
		};
		8F8882CA29D801EC00261531 /* Frameworks */ = {
			isa = PBXFrameworksBuildPhase;
			buildActionMask = 2147483647;
			files = (
			);
			runOnlyForDeploymentPostprocessing = 0;
		};
		8F8882D429D801EC00261531 /* Frameworks */ = {
			isa = PBXFrameworksBuildPhase;
			buildActionMask = 2147483647;
			files = (
			);
			runOnlyForDeploymentPostprocessing = 0;
		};
/* End PBXFrameworksBuildPhase section */

/* Begin PBXGroup section */
		8F8882B429D801E900261531 = {
			isa = PBXGroup;
			children = (
				8F8882BF29D801E900261531 /* ProgressView */,
				8F8882D029D801EC00261531 /* ProgressViewTests */,
				8F8882DA29D801EC00261531 /* ProgressViewUITests */,
				8F8882BE29D801E900261531 /* Products */,
			);
			sourceTree = "<group>";
		};
		8F8882BE29D801E900261531 /* Products */ = {
			isa = PBXGroup;
			children = (
				8F8882BD29D801E900261531 /* ProgressView.app */,
				8F8882CD29D801EC00261531 /* ProgressViewTests.xctest */,
				8F8882D729D801EC00261531 /* ProgressViewUITests.xctest */,
			);
			name = Products;
			sourceTree = "<group>";
		};
		8F8882BF29D801E900261531 /* ProgressView */ = {
			isa = PBXGroup;
			children = (
				8F8882C029D801E900261531 /* ProgressViewApp.swift */,
				8F8882C229D801E900261531 /* ContentView.swift */,
				8F8882C429D801EB00261531 /* Assets.xcassets */,
				8F8882C629D801EB00261531 /* Preview Content */,
			);
			path = ProgressView;
			sourceTree = "<group>";
		};
		8F8882C629D801EB00261531 /* Preview Content */ = {
			isa = PBXGroup;
			children = (
				8F8882C729D801EB00261531 /* Preview Assets.xcassets */,
			);
			path = "Preview Content";
			sourceTree = "<group>";
		};
		8F8882D029D801EC00261531 /* ProgressViewTests */ = {
			isa = PBXGroup;
			children = (
				8F8882D129D801EC00261531 /* ProgressViewTests.swift */,
			);
			path = ProgressViewTests;
			sourceTree = "<group>";
		};
		8F8882DA29D801EC00261531 /* ProgressViewUITests */ = {
			isa = PBXGroup;
			children = (
				8F8882DB29D801EC00261531 /* ProgressViewUITests.swift */,
				8F8882DD29D801EC00261531 /* ProgressViewUITestsLaunchTests.swift */,
			);
			path = ProgressViewUITests;
			sourceTree = "<group>";
		};
/* End PBXGroup section */

/* Begin PBXNativeTarget section */
		8F8882BC29D801E900261531 /* ProgressView */ = {
			isa = PBXNativeTarget;
			buildConfigurationList = 8F8882E129D801EC00261531 /* Build configuration list for PBXNativeTarget "ProgressView" */;
			buildPhases = (
				8F8882B929D801E900261531 /* Sources */,
				8F8882BA29D801E900261531 /* Frameworks */,
				8F8882BB29D801E900261531 /* Resources */,
			);
			buildRules = (
			);
			dependencies = (
			);
			name = ProgressView;
			productName = ProgressView;
			productReference = 8F8882BD29D801E900261531 /* ProgressView.app */;
			productType = "com.apple.product-type.application";
		};
		8F8882CC29D801EC00261531 /* ProgressViewTests */ = {
			isa = PBXNativeTarget;
			buildConfigurationList = 8F8882E429D801EC00261531 /* Build configuration list for PBXNativeTarget "ProgressViewTests" */;
			buildPhases = (
				8F8882C929D801EC00261531 /* Sources */,
				8F8882CA29D801EC00261531 /* Frameworks */,
				8F8882CB29D801EC00261531 /* Resources */,
			);
			buildRules = (
			);
			dependencies = (
				8F8882CF29D801EC00261531 /* PBXTargetDependency */,
			);
			name = ProgressViewTests;
			productName = ProgressViewTests;
			productReference = 8F8882CD29D801EC00261531 /* ProgressViewTests.xctest */;
			productType = "com.apple.product-type.bundle.unit-test";
		};
		8F8882D629D801EC00261531 /* ProgressViewUITests */ = {
			isa = PBXNativeTarget;
			buildConfigurationList = 8F8882E729D801EC00261531 /* Build configuration list for PBXNativeTarget "ProgressViewUITests" */;
			buildPhases = (
				8F8882D329D801EC00261531 /* Sources */,
				8F8882D429D801EC00261531 /* Frameworks */,
				8F8882D529D801EC00261531 /* Resources */,
			);
			buildRules = (
			);
			dependencies = (
				8F8882D929D801EC00261531 /* PBXTargetDependency */,
			);
			name = ProgressViewUITests;
			productName = ProgressViewUITests;
			productReference = 8F8882D729D801EC00261531 /* ProgressViewUITests.xctest */;
			productType = "com.apple.product-type.bundle.ui-testing";
		};
/* End PBXNativeTarget section */

/* Begin PBXProject section */
		8F8882B529D801E900261531 /* Project object */ = {
			isa = PBXProject;
			attributes = {
				BuildIndependentTargetsInParallel = 1;
				LastSwiftUpdateCheck = 1420;
				LastUpgradeCheck = 1420;
				TargetAttributes = {
					8F8882BC29D801E900261531 = {
						CreatedOnToolsVersion = 14.2;
					};
					8F8882CC29D801EC00261531 = {
						CreatedOnToolsVersion = 14.2;
						TestTargetID = 8F8882BC29D801E900261531;
					};
					8F8882D629D801EC00261531 = {
						CreatedOnToolsVersion = 14.2;
						TestTargetID = 8F8882BC29D801E900261531;
					};
				};
			};
			buildConfigurationList = 8F8882B829D801E900261531 /* Build configuration list for PBXProject "ProgressView" */;
			compatibilityVersion = "Xcode 14.0";
			developmentRegion = en;
			hasScannedForEncodings = 0;
			knownRegions = (
				en,
				Base,
			);
			mainGroup = 8F8882B429D801E900261531;
			productRefGroup = 8F8882BE29D801E900261531 /* Products */;
			projectDirPath = "";
			projectRoot = "";
			targets = (
				8F8882BC29D801E900261531 /* ProgressView */,
				8F8882CC29D801EC00261531 /* ProgressViewTests */,
				8F8882D629D801EC00261531 /* ProgressViewUITests */,
			);
		};
/* End PBXProject section */

/* Begin PBXResourcesBuildPhase section */
		8F8882BB29D801E900261531 /* Resources */ = {
			isa = PBXResourcesBuildPhase;
			buildActionMask = 2147483647;
			files = (
				8F8882C829D801EB00261531 /* Preview Assets.xcassets in Resources */,
				8F8882C529D801EB00261531 /* Assets.xcassets in Resources */,
			);
			runOnlyForDeploymentPostprocessing = 0;
		};
		8F8882CB29D801EC00261531 /* Resources */ = {
			isa = PBXResourcesBuildPhase;
			buildActionMask = 2147483647;
			files = (
			);
			runOnlyForDeploymentPostprocessing = 0;
		};
		8F8882D529D801EC00261531 /* Resources */ = {
			isa = PBXResourcesBuildPhase;
			buildActionMask = 2147483647;
			files = (
			);
			runOnlyForDeploymentPostprocessing = 0;
		};
/* End PBXResourcesBuildPhase section */

/* Begin PBXSourcesBuildPhase section */
		8F8882B929D801E900261531 /* Sources */ = {
			isa = PBXSourcesBuildPhase;
			buildActionMask = 2147483647;
			files = (
				8F8882C329D801E900261531 /* ContentView.swift in Sources */,
				8F8882C129D801E900261531 /* ProgressViewApp.swift in Sources */,
			);
			runOnlyForDeploymentPostprocessing = 0;
		};
		8F8882C929D801EC00261531 /* Sources */ = {
			isa = PBXSourcesBuildPhase;
			buildActionMask = 2147483647;
			files = (
				8F8882D229D801EC00261531 /* ProgressViewTests.swift in Sources */,
			);
			runOnlyForDeploymentPostprocessing = 0;
		};
		8F8882D329D801EC00261531 /* Sources */ = {
			isa = PBXSourcesBuildPhase;
			buildActionMask = 2147483647;
			files = (
				8F8882DE29D801EC00261531 /* ProgressViewUITestsLaunchTests.swift in Sources */,
				8F8882DC29D801EC00261531 /* ProgressViewUITests.swift in Sources */,
			);
			runOnlyForDeploymentPostprocessing = 0;
		};
/* End PBXSourcesBuildPhase section */

/* Begin PBXTargetDependency section */
		8F8882CF29D801EC00261531 /* PBXTargetDependency */ = {
			isa = PBXTargetDependency;
			target = 8F8882BC29D801E900261531 /* ProgressView */;
			targetProxy = 8F8882CE29D801EC00261531 /* PBXContainerItemProxy */;
		};
		8F8882D929D801EC00261531 /* PBXTargetDependency */ = {
			isa = PBXTargetDependency;
			target = 8F8882BC29D801E900261531 /* ProgressView */;
			targetProxy = 8F8882D829D801EC00261531 /* PBXContainerItemProxy */;
		};
/* End PBXTargetDependency section */

/* Begin XCBuildConfiguration section */
		8F8882DF29D801EC00261531 /* Debug */ = {
			isa = XCBuildConfiguration;
			buildSettings = {
				ALWAYS_SEARCH_USER_PATHS = NO;
				CLANG_ANALYZER_NONNULL = YES;
				CLANG_ANALYZER_NUMBER_OBJECT_CONVERSION = YES_AGGRESSIVE;
				CLANG_CXX_LANGUAGE_STANDARD = "gnu++20";
				CLANG_ENABLE_MODULES = YES;
				CLANG_ENABLE_OBJC_ARC = YES;
				CLANG_ENABLE_OBJC_WEAK = YES;
				CLANG_WARN_BLOCK_CAPTURE_AUTORELEASING = YES;
				CLANG_WARN_BOOL_CONVERSION = YES;
				CLANG_WARN_COMMA = YES;
				CLANG_WARN_CONSTANT_CONVERSION = YES;
				CLANG_WARN_DEPRECATED_OBJC_IMPLEMENTATIONS = YES;
				CLANG_WARN_DIRECT_OBJC_ISA_USAGE = YES_ERROR;
				CLANG_WARN_DOCUMENTATION_COMMENTS = YES;
				CLANG_WARN_EMPTY_BODY = YES;
				CLANG_WARN_ENUM_CONVERSION = YES;
				CLANG_WARN_INFINITE_RECURSION = YES;
				CLANG_WARN_INT_CONVERSION = YES;
				CLANG_WARN_NON_LITERAL_NULL_CONVERSION = YES;
				CLANG_WARN_OBJC_IMPLICIT_RETAIN_SELF = YES;
				CLANG_WARN_OBJC_LITERAL_CONVERSION = YES;
				CLANG_WARN_OBJC_ROOT_CLASS = YES_ERROR;
				CLANG_WARN_QUOTED_INCLUDE_IN_FRAMEWORK_HEADER = YES;
				CLANG_WARN_RANGE_LOOP_ANALYSIS = YES;
				CLANG_WARN_STRICT_PROTOTYPES = YES;
				CLANG_WARN_SUSPICIOUS_MOVE = YES;
				CLANG_WARN_UNGUARDED_AVAILABILITY = YES_AGGRESSIVE;
				CLANG_WARN_UNREACHABLE_CODE = YES;
				CLANG_WARN__DUPLICATE_METHOD_MATCH = YES;
				COPY_PHASE_STRIP = NO;
				DEBUG_INFORMATION_FORMAT = dwarf;
				ENABLE_STRICT_OBJC_MSGSEND = YES;
				ENABLE_TESTABILITY = YES;
				GCC_C_LANGUAGE_STANDARD = gnu11;
				GCC_DYNAMIC_NO_PIC = NO;
				GCC_NO_COMMON_BLOCKS = YES;
				GCC_OPTIMIZATION_LEVEL = 0;
				GCC_PREPROCESSOR_DEFINITIONS = (
					"DEBUG=1",
					"$(inherited)",
				);
				GCC_WARN_64_TO_32_BIT_CONVERSION = YES;
				GCC_WARN_ABOUT_RETURN_TYPE = YES_ERROR;
				GCC_WARN_UNDECLARED_SELECTOR = YES;
				GCC_WARN_UNINITIALIZED_AUTOS = YES_AGGRESSIVE;
				GCC_WARN_UNUSED_FUNCTION = YES;
				GCC_WARN_UNUSED_VARIABLE = YES;
				IPHONEOS_DEPLOYMENT_TARGET = 16.2;
				MTL_ENABLE_DEBUG_INFO = INCLUDE_SOURCE;
				MTL_FAST_MATH = YES;
				ONLY_ACTIVE_ARCH = YES;
				SDKROOT = iphoneos;
				SWIFT_ACTIVE_COMPILATION_CONDITIONS = DEBUG;
				SWIFT_OPTIMIZATION_LEVEL = "-Onone";
			};
			name = Debug;
		};
		8F8882E029D801EC00261531 /* Release */ = {
			isa = XCBuildConfiguration;
			buildSettings = {
				ALWAYS_SEARCH_USER_PATHS = NO;
				CLANG_ANALYZER_NONNULL = YES;
				CLANG_ANALYZER_NUMBER_OBJECT_CONVERSION = YES_AGGRESSIVE;
				CLANG_CXX_LANGUAGE_STANDARD = "gnu++20";
				CLANG_ENABLE_MODULES = YES;
				CLANG_ENABLE_OBJC_ARC = YES;
				CLANG_ENABLE_OBJC_WEAK = YES;
				CLANG_WARN_BLOCK_CAPTURE_AUTORELEASING = YES;
				CLANG_WARN_BOOL_CONVERSION = YES;
				CLANG_WARN_COMMA = YES;
				CLANG_WARN_CONSTANT_CONVERSION = YES;
				CLANG_WARN_DEPRECATED_OBJC_IMPLEMENTATIONS = YES;
				CLANG_WARN_DIRECT_OBJC_ISA_USAGE = YES_ERROR;
				CLANG_WARN_DOCUMENTATION_COMMENTS = YES;
				CLANG_WARN_EMPTY_BODY = YES;
				CLANG_WARN_ENUM_CONVERSION = YES;
				CLANG_WARN_INFINITE_RECURSION = YES;
				CLANG_WARN_INT_CONVERSION = YES;
				CLANG_WARN_NON_LITERAL_NULL_CONVERSION = YES;
				CLANG_WARN_OBJC_IMPLICIT_RETAIN_SELF = YES;
				CLANG_WARN_OBJC_LITERAL_CONVERSION = YES;
				CLANG_WARN_OBJC_ROOT_CLASS = YES_ERROR;
				CLANG_WARN_QUOTED_INCLUDE_IN_FRAMEWORK_HEADER = YES;
				CLANG_WARN_RANGE_LOOP_ANALYSIS = YES;
				CLANG_WARN_STRICT_PROTOTYPES = YES;
				CLANG_WARN_SUSPICIOUS_MOVE = YES;
				CLANG_WARN_UNGUARDED_AVAILABILITY = YES_AGGRESSIVE;
				CLANG_WARN_UNREACHABLE_CODE = YES;
				CLANG_WARN__DUPLICATE_METHOD_MATCH = YES;
				COPY_PHASE_STRIP = NO;
				DEBUG_INFORMATION_FORMAT = "dwarf-with-dsym";
				ENABLE_NS_ASSERTIONS = NO;
				ENABLE_STRICT_OBJC_MSGSEND = YES;
				GCC_C_LANGUAGE_STANDARD = gnu11;
				GCC_NO_COMMON_BLOCKS = YES;
				GCC_WARN_64_TO_32_BIT_CONVERSION = YES;
				GCC_WARN_ABOUT_RETURN_TYPE = YES_ERROR;
				GCC_WARN_UNDECLARED_SELECTOR = YES;
				GCC_WARN_UNINITIALIZED_AUTOS = YES_AGGRESSIVE;
				GCC_WARN_UNUSED_FUNCTION = YES;
				GCC_WARN_UNUSED_VARIABLE = YES;
				IPHONEOS_DEPLOYMENT_TARGET = 16.2;
				MTL_ENABLE_DEBUG_INFO = NO;
				MTL_FAST_MATH = YES;
				SDKROOT = iphoneos;
				SWIFT_COMPILATION_MODE = wholemodule;
				SWIFT_OPTIMIZATION_LEVEL = "-O";
				VALIDATE_PRODUCT = YES;
			};
			name = Release;
		};
		8F8882E229D801EC00261531 /* Debug */ = {
			isa = XCBuildConfiguration;
			buildSettings = {
				ASSETCATALOG_COMPILER_APPICON_NAME = AppIcon;
				ASSETCATALOG_COMPILER_GLOBAL_ACCENT_COLOR_NAME = AccentColor;
				CODE_SIGN_STYLE = Automatic;
				CURRENT_PROJECT_VERSION = 1;
				DEVELOPMENT_ASSET_PATHS = "\"ProgressView/Preview Content\"";
				ENABLE_PREVIEWS = YES;
				GENERATE_INFOPLIST_FILE = YES;
				INFOPLIST_KEY_UIApplicationSceneManifest_Generation = YES;
				INFOPLIST_KEY_UIApplicationSupportsIndirectInputEvents = YES;
				INFOPLIST_KEY_UILaunchScreen_Generation = YES;
				INFOPLIST_KEY_UISupportedInterfaceOrientations_iPad = "UIInterfaceOrientationPortrait UIInterfaceOrientationPortraitUpsideDown UIInterfaceOrientationLandscapeLeft UIInterfaceOrientationLandscapeRight";
				INFOPLIST_KEY_UISupportedInterfaceOrientations_iPhone = "UIInterfaceOrientationPortrait UIInterfaceOrientationLandscapeLeft UIInterfaceOrientationLandscapeRight";
				LD_RUNPATH_SEARCH_PATHS = (
					"$(inherited)",
					"@executable_path/Frameworks",
				);
				MARKETING_VERSION = 1.0;
				PRODUCT_BUNDLE_IDENTIFIER = net.jinto.ProgressView;
				PRODUCT_NAME = "$(TARGET_NAME)";
				SWIFT_EMIT_LOC_STRINGS = YES;
				SWIFT_VERSION = 5.0;
				TARGETED_DEVICE_FAMILY = "1,2";
			};
			name = Debug;
		};
		8F8882E329D801EC00261531 /* Release */ = {
			isa = XCBuildConfiguration;
			buildSettings = {
				ASSETCATALOG_COMPILER_APPICON_NAME = AppIcon;
				ASSETCATALOG_COMPILER_GLOBAL_ACCENT_COLOR_NAME = AccentColor;
				CODE_SIGN_STYLE = Automatic;
				CURRENT_PROJECT_VERSION = 1;
				DEVELOPMENT_ASSET_PATHS = "\"ProgressView/Preview Content\"";
				ENABLE_PREVIEWS = YES;
				GENERATE_INFOPLIST_FILE = YES;
				INFOPLIST_KEY_UIApplicationSceneManifest_Generation = YES;
				INFOPLIST_KEY_UIApplicationSupportsIndirectInputEvents = YES;
				INFOPLIST_KEY_UILaunchScreen_Generation = YES;
				INFOPLIST_KEY_UISupportedInterfaceOrientations_iPad = "UIInterfaceOrientationPortrait UIInterfaceOrientationPortraitUpsideDown UIInterfaceOrientationLandscapeLeft UIInterfaceOrientationLandscapeRight";
				INFOPLIST_KEY_UISupportedInterfaceOrientations_iPhone = "UIInterfaceOrientationPortrait UIInterfaceOrientationLandscapeLeft UIInterfaceOrientationLandscapeRight";
				LD_RUNPATH_SEARCH_PATHS = (
					"$(inherited)",
					"@executable_path/Frameworks",
				);
				MARKETING_VERSION = 1.0;
				PRODUCT_BUNDLE_IDENTIFIER = net.jinto.ProgressView;
				PRODUCT_NAME = "$(TARGET_NAME)";
				SWIFT_EMIT_LOC_STRINGS = YES;
				SWIFT_VERSION = 5.0;
				TARGETED_DEVICE_FAMILY = "1,2";
			};
			name = Release;
		};
		8F8882E529D801EC00261531 /* Debug */ = {
			isa = XCBuildConfiguration;
			buildSettings = {
				ALWAYS_EMBED_SWIFT_STANDARD_LIBRARIES = YES;
				BUNDLE_LOADER = "$(TEST_HOST)";
				CODE_SIGN_STYLE = Automatic;
				CURRENT_PROJECT_VERSION = 1;
				GENERATE_INFOPLIST_FILE = YES;
				IPHONEOS_DEPLOYMENT_TARGET = 16.2;
				MARKETING_VERSION = 1.0;
				PRODUCT_BUNDLE_IDENTIFIER = net.jinto.ProgressViewTests;
				PRODUCT_NAME = "$(TARGET_NAME)";
				SWIFT_EMIT_LOC_STRINGS = NO;
				SWIFT_VERSION = 5.0;
				TARGETED_DEVICE_FAMILY = "1,2";
				TEST_HOST = "$(BUILT_PRODUCTS_DIR)/ProgressView.app/$(BUNDLE_EXECUTABLE_FOLDER_PATH)/ProgressView";
			};
			name = Debug;
		};
		8F8882E629D801EC00261531 /* Release */ = {
			isa = XCBuildConfiguration;
			buildSettings = {
				ALWAYS_EMBED_SWIFT_STANDARD_LIBRARIES = YES;
				BUNDLE_LOADER = "$(TEST_HOST)";
				CODE_SIGN_STYLE = Automatic;
				CURRENT_PROJECT_VERSION = 1;
				GENERATE_INFOPLIST_FILE = YES;
				IPHONEOS_DEPLOYMENT_TARGET = 16.2;
				MARKETING_VERSION = 1.0;
				PRODUCT_BUNDLE_IDENTIFIER = net.jinto.ProgressViewTests;
				PRODUCT_NAME = "$(TARGET_NAME)";
				SWIFT_EMIT_LOC_STRINGS = NO;
				SWIFT_VERSION = 5.0;
				TARGETED_DEVICE_FAMILY = "1,2";
				TEST_HOST = "$(BUILT_PRODUCTS_DIR)/ProgressView.app/$(BUNDLE_EXECUTABLE_FOLDER_PATH)/ProgressView";
			};
			name = Release;
		};
		8F8882E829D801EC00261531 /* Debug */ = {
			isa = XCBuildConfiguration;
			buildSettings = {
				ALWAYS_EMBED_SWIFT_STANDARD_LIBRARIES = YES;
				CODE_SIGN_STYLE = Automatic;
				CURRENT_PROJECT_VERSION = 1;
				GENERATE_INFOPLIST_FILE = YES;
				MARKETING_VERSION = 1.0;
				PRODUCT_BUNDLE_IDENTIFIER = net.jinto.ProgressViewUITests;
				PRODUCT_NAME = "$(TARGET_NAME)";
				SWIFT_EMIT_LOC_STRINGS = NO;
				SWIFT_VERSION = 5.0;
				TARGETED_DEVICE_FAMILY = "1,2";
				TEST_TARGET_NAME = ProgressView;
			};
			name = Debug;
		};
		8F8882E929D801EC00261531 /* Release */ = {
			isa = XCBuildConfiguration;
			buildSettings = {
				ALWAYS_EMBED_SWIFT_STANDARD_LIBRARIES = YES;
				CODE_SIGN_STYLE = Automatic;
				CURRENT_PROJECT_VERSION = 1;
				GENERATE_INFOPLIST_FILE = YES;
				MARKETING_VERSION = 1.0;
				PRODUCT_BUNDLE_IDENTIFIER = net.jinto.ProgressViewUITests;
				PRODUCT_NAME = "$(TARGET_NAME)";
				SWIFT_EMIT_LOC_STRINGS = NO;
				SWIFT_VERSION = 5.0;
				TARGETED_DEVICE_FAMILY = "1,2";
				TEST_TARGET_NAME = ProgressView;
			};
			name = Release;
		};
/* End XCBuildConfiguration section */

/* Begin XCConfigurationList section */
		8F8882B829D801E900261531 /* Build configuration list for PBXProject "ProgressView" */ = {
			isa = XCConfigurationList;
			buildConfigurations = (
				8F8882DF29D801EC00261531 /* Debug */,
				8F8882E029D801EC00261531 /* Release */,
			);
			defaultConfigurationIsVisible = 0;
			defaultConfigurationName = Release;
		};
		8F8882E129D801EC00261531 /* Build configuration list for PBXNativeTarget "ProgressView" */ = {
			isa = XCConfigurationList;
			buildConfigurations = (
				8F8882E229D801EC00261531 /* Debug */,
				8F8882E329D801EC00261531 /* Release */,
			);
			defaultConfigurationIsVisible = 0;
			defaultConfigurationName = Release;
		};
		8F8882E429D801EC00261531 /* Build configuration list for PBXNativeTarget "ProgressViewTests" */ = {
			isa = XCConfigurationList;
			buildConfigurations = (
				8F8882E529D801EC00261531 /* Debug */,
				8F8882E629D801EC00261531 /* Release */,
			);
			defaultConfigurationIsVisible = 0;
			defaultConfigurationName = Release;
		};
		8F8882E729D801EC00261531 /* Build configuration list for PBXNativeTarget "ProgressViewUITests" */ = {
			isa = XCConfigurationList;
			buildConfigurations = (
				8F8882E829D801EC00261531 /* Debug */,
				8F8882E929D801EC00261531 /* Release */,
			);
			defaultConfigurationIsVisible = 0;
			defaultConfigurationName = Release;
		};
/* End XCConfigurationList section */
	};
	rootObject = 8F8882B529D801E900261531 /* Project object */;
}
