// !$*UTF8*$!
{
	archiveVersion = 1;
	classes = {
	};
	objectVersion = 56;
	objects = {

/* Begin PBXBuildFile section */
		8F3213BD29FAB6D00002A5B7 /* ColorHexApp.swift in Sources */ = {isa = PBXBuildFile; fileRef = 8F3213BC29FAB6D00002A5B7 /* ColorHexApp.swift */; };
		8F3213BF29FAB6D00002A5B7 /* ContentView.swift in Sources */ = {isa = PBXBuildFile; fileRef = 8F3213BE29FAB6D00002A5B7 /* ContentView.swift */; };
		8F3213C129FAB6D20002A5B7 /* Assets.xcassets in Resources */ = {isa = PBXBuildFile; fileRef = 8F3213C029FAB6D20002A5B7 /* Assets.xcassets */; };
		8F3213C429FAB6D20002A5B7 /* Preview Assets.xcassets in Resources */ = {isa = PBXBuildFile; fileRef = 8F3213C329FAB6D20002A5B7 /* Preview Assets.xcassets */; };
		8F3213CE29FAB6D20002A5B7 /* ColorHexTests.swift in Sources */ = {isa = PBXBuildFile; fileRef = 8F3213CD29FAB6D20002A5B7 /* ColorHexTests.swift */; };
		8F3213D829FAB6D20002A5B7 /* ColorHexUITests.swift in Sources */ = {isa = PBXBuildFile; fileRef = 8F3213D729FAB6D20002A5B7 /* ColorHexUITests.swift */; };
		8F3213DA29FAB6D20002A5B7 /* ColorHexUITestsLaunchTests.swift in Sources */ = {isa = PBXBuildFile; fileRef = 8F3213D929FAB6D20002A5B7 /* ColorHexUITestsLaunchTests.swift */; };
/* End PBXBuildFile section */

/* Begin PBXContainerItemProxy section */
		8F3213CA29FAB6D20002A5B7 /* PBXContainerItemProxy */ = {
			isa = PBXContainerItemProxy;
			containerPortal = 8F3213B129FAB6D00002A5B7 /* Project object */;
			proxyType = 1;
			remoteGlobalIDString = 8F3213B829FAB6D00002A5B7;
			remoteInfo = ColorHex;
		};
		8F3213D429FAB6D20002A5B7 /* PBXContainerItemProxy */ = {
			isa = PBXContainerItemProxy;
			containerPortal = 8F3213B129FAB6D00002A5B7 /* Project object */;
			proxyType = 1;
			remoteGlobalIDString = 8F3213B829FAB6D00002A5B7;
			remoteInfo = ColorHex;
		};
/* End PBXContainerItemProxy section */

/* Begin PBXFileReference section */
		8F3213B929FAB6D00002A5B7 /* ColorHex.app */ = {isa = PBXFileReference; explicitFileType = wrapper.application; includeInIndex = 0; path = ColorHex.app; sourceTree = BUILT_PRODUCTS_DIR; };
		8F3213BC29FAB6D00002A5B7 /* ColorHexApp.swift */ = {isa = PBXFileReference; lastKnownFileType = sourcecode.swift; path = ColorHexApp.swift; sourceTree = "<group>"; };
		8F3213BE29FAB6D00002A5B7 /* ContentView.swift */ = {isa = PBXFileReference; lastKnownFileType = sourcecode.swift; path = ContentView.swift; sourceTree = "<group>"; };
		8F3213C029FAB6D20002A5B7 /* Assets.xcassets */ = {isa = PBXFileReference; lastKnownFileType = folder.assetcatalog; path = Assets.xcassets; sourceTree = "<group>"; };
		8F3213C329FAB6D20002A5B7 /* Preview Assets.xcassets */ = {isa = PBXFileReference; lastKnownFileType = folder.assetcatalog; path = "Preview Assets.xcassets"; sourceTree = "<group>"; };
		8F3213C929FAB6D20002A5B7 /* ColorHexTests.xctest */ = {isa = PBXFileReference; explicitFileType = wrapper.cfbundle; includeInIndex = 0; path = ColorHexTests.xctest; sourceTree = BUILT_PRODUCTS_DIR; };
		8F3213CD29FAB6D20002A5B7 /* ColorHexTests.swift */ = {isa = PBXFileReference; lastKnownFileType = sourcecode.swift; path = ColorHexTests.swift; sourceTree = "<group>"; };
		8F3213D329FAB6D20002A5B7 /* ColorHexUITests.xctest */ = {isa = PBXFileReference; explicitFileType = wrapper.cfbundle; includeInIndex = 0; path = ColorHexUITests.xctest; sourceTree = BUILT_PRODUCTS_DIR; };
		8F3213D729FAB6D20002A5B7 /* ColorHexUITests.swift */ = {isa = PBXFileReference; lastKnownFileType = sourcecode.swift; path = ColorHexUITests.swift; sourceTree = "<group>"; };
		8F3213D929FAB6D20002A5B7 /* ColorHexUITestsLaunchTests.swift */ = {isa = PBXFileReference; lastKnownFileType = sourcecode.swift; path = ColorHexUITestsLaunchTests.swift; sourceTree = "<group>"; };
/* End PBXFileReference section */

/* Begin PBXFrameworksBuildPhase section */
		8F3213B629FAB6D00002A5B7 /* Frameworks */ = {
			isa = PBXFrameworksBuildPhase;
			buildActionMask = 2147483647;
			files = (
			);
			runOnlyForDeploymentPostprocessing = 0;
		};
		8F3213C629FAB6D20002A5B7 /* Frameworks */ = {
			isa = PBXFrameworksBuildPhase;
			buildActionMask = 2147483647;
			files = (
			);
			runOnlyForDeploymentPostprocessing = 0;
		};
		8F3213D029FAB6D20002A5B7 /* Frameworks */ = {
			isa = PBXFrameworksBuildPhase;
			buildActionMask = 2147483647;
			files = (
			);
			runOnlyForDeploymentPostprocessing = 0;
		};
/* End PBXFrameworksBuildPhase section */

/* Begin PBXGroup section */
		8F3213B029FAB6D00002A5B7 = {
			isa = PBXGroup;
			children = (
				8F3213BB29FAB6D00002A5B7 /* ColorHex */,
				8F3213CC29FAB6D20002A5B7 /* ColorHexTests */,
				8F3213D629FAB6D20002A5B7 /* ColorHexUITests */,
				8F3213BA29FAB6D00002A5B7 /* Products */,
			);
			sourceTree = "<group>";
		};
		8F3213BA29FAB6D00002A5B7 /* Products */ = {
			isa = PBXGroup;
			children = (
				8F3213B929FAB6D00002A5B7 /* ColorHex.app */,
				8F3213C929FAB6D20002A5B7 /* ColorHexTests.xctest */,
				8F3213D329FAB6D20002A5B7 /* ColorHexUITests.xctest */,
			);
			name = Products;
			sourceTree = "<group>";
		};
		8F3213BB29FAB6D00002A5B7 /* ColorHex */ = {
			isa = PBXGroup;
			children = (
				8F3213BC29FAB6D00002A5B7 /* ColorHexApp.swift */,
				8F3213BE29FAB6D00002A5B7 /* ContentView.swift */,
				8F3213C029FAB6D20002A5B7 /* Assets.xcassets */,
				8F3213C229FAB6D20002A5B7 /* Preview Content */,
			);
			path = ColorHex;
			sourceTree = "<group>";
		};
		8F3213C229FAB6D20002A5B7 /* Preview Content */ = {
			isa = PBXGroup;
			children = (
				8F3213C329FAB6D20002A5B7 /* Preview Assets.xcassets */,
			);
			path = "Preview Content";
			sourceTree = "<group>";
		};
		8F3213CC29FAB6D20002A5B7 /* ColorHexTests */ = {
			isa = PBXGroup;
			children = (
				8F3213CD29FAB6D20002A5B7 /* ColorHexTests.swift */,
			);
			path = ColorHexTests;
			sourceTree = "<group>";
		};
		8F3213D629FAB6D20002A5B7 /* ColorHexUITests */ = {
			isa = PBXGroup;
			children = (
				8F3213D729FAB6D20002A5B7 /* ColorHexUITests.swift */,
				8F3213D929FAB6D20002A5B7 /* ColorHexUITestsLaunchTests.swift */,
			);
			path = ColorHexUITests;
			sourceTree = "<group>";
		};
/* End PBXGroup section */

/* Begin PBXNativeTarget section */
		8F3213B829FAB6D00002A5B7 /* ColorHex */ = {
			isa = PBXNativeTarget;
			buildConfigurationList = 8F3213DD29FAB6D20002A5B7 /* Build configuration list for PBXNativeTarget "ColorHex" */;
			buildPhases = (
				8F3213B529FAB6D00002A5B7 /* Sources */,
				8F3213B629FAB6D00002A5B7 /* Frameworks */,
				8F3213B729FAB6D00002A5B7 /* Resources */,
			);
			buildRules = (
			);
			dependencies = (
			);
			name = ColorHex;
			productName = ColorHex;
			productReference = 8F3213B929FAB6D00002A5B7 /* ColorHex.app */;
			productType = "com.apple.product-type.application";
		};
		8F3213C829FAB6D20002A5B7 /* ColorHexTests */ = {
			isa = PBXNativeTarget;
			buildConfigurationList = 8F3213E029FAB6D20002A5B7 /* Build configuration list for PBXNativeTarget "ColorHexTests" */;
			buildPhases = (
				8F3213C529FAB6D20002A5B7 /* Sources */,
				8F3213C629FAB6D20002A5B7 /* Frameworks */,
				8F3213C729FAB6D20002A5B7 /* Resources */,
			);
			buildRules = (
			);
			dependencies = (
				8F3213CB29FAB6D20002A5B7 /* PBXTargetDependency */,
			);
			name = ColorHexTests;
			productName = ColorHexTests;
			productReference = 8F3213C929FAB6D20002A5B7 /* ColorHexTests.xctest */;
			productType = "com.apple.product-type.bundle.unit-test";
		};
		8F3213D229FAB6D20002A5B7 /* ColorHexUITests */ = {
			isa = PBXNativeTarget;
			buildConfigurationList = 8F3213E329FAB6D20002A5B7 /* Build configuration list for PBXNativeTarget "ColorHexUITests" */;
			buildPhases = (
				8F3213CF29FAB6D20002A5B7 /* Sources */,
				8F3213D029FAB6D20002A5B7 /* Frameworks */,
				8F3213D129FAB6D20002A5B7 /* Resources */,
			);
			buildRules = (
			);
			dependencies = (
				8F3213D529FAB6D20002A5B7 /* PBXTargetDependency */,
			);
			name = ColorHexUITests;
			productName = ColorHexUITests;
			productReference = 8F3213D329FAB6D20002A5B7 /* ColorHexUITests.xctest */;
			productType = "com.apple.product-type.bundle.ui-testing";
		};
/* End PBXNativeTarget section */

/* Begin PBXProject section */
		8F3213B129FAB6D00002A5B7 /* Project object */ = {
			isa = PBXProject;
			attributes = {
				BuildIndependentTargetsInParallel = 1;
				LastSwiftUpdateCheck = 1420;
				LastUpgradeCheck = 1420;
				TargetAttributes = {
					8F3213B829FAB6D00002A5B7 = {
						CreatedOnToolsVersion = 14.2;
					};
					8F3213C829FAB6D20002A5B7 = {
						CreatedOnToolsVersion = 14.2;
						TestTargetID = 8F3213B829FAB6D00002A5B7;
					};
					8F3213D229FAB6D20002A5B7 = {
						CreatedOnToolsVersion = 14.2;
						TestTargetID = 8F3213B829FAB6D00002A5B7;
					};
				};
			};
			buildConfigurationList = 8F3213B429FAB6D00002A5B7 /* Build configuration list for PBXProject "ColorHex" */;
			compatibilityVersion = "Xcode 14.0";
			developmentRegion = en;
			hasScannedForEncodings = 0;
			knownRegions = (
				en,
				Base,
			);
			mainGroup = 8F3213B029FAB6D00002A5B7;
			productRefGroup = 8F3213BA29FAB6D00002A5B7 /* Products */;
			projectDirPath = "";
			projectRoot = "";
			targets = (
				8F3213B829FAB6D00002A5B7 /* ColorHex */,
				8F3213C829FAB6D20002A5B7 /* ColorHexTests */,
				8F3213D229FAB6D20002A5B7 /* ColorHexUITests */,
			);
		};
/* End PBXProject section */

/* Begin PBXResourcesBuildPhase section */
		8F3213B729FAB6D00002A5B7 /* Resources */ = {
			isa = PBXResourcesBuildPhase;
			buildActionMask = 2147483647;
			files = (
				8F3213C429FAB6D20002A5B7 /* Preview Assets.xcassets in Resources */,
				8F3213C129FAB6D20002A5B7 /* Assets.xcassets in Resources */,
			);
			runOnlyForDeploymentPostprocessing = 0;
		};
		8F3213C729FAB6D20002A5B7 /* Resources */ = {
			isa = PBXResourcesBuildPhase;
			buildActionMask = 2147483647;
			files = (
			);
			runOnlyForDeploymentPostprocessing = 0;
		};
		8F3213D129FAB6D20002A5B7 /* Resources */ = {
			isa = PBXResourcesBuildPhase;
			buildActionMask = 2147483647;
			files = (
			);
			runOnlyForDeploymentPostprocessing = 0;
		};
/* End PBXResourcesBuildPhase section */

/* Begin PBXSourcesBuildPhase section */
		8F3213B529FAB6D00002A5B7 /* Sources */ = {
			isa = PBXSourcesBuildPhase;
			buildActionMask = 2147483647;
			files = (
				8F3213BF29FAB6D00002A5B7 /* ContentView.swift in Sources */,
				8F3213BD29FAB6D00002A5B7 /* ColorHexApp.swift in Sources */,
			);
			runOnlyForDeploymentPostprocessing = 0;
		};
		8F3213C529FAB6D20002A5B7 /* Sources */ = {
			isa = PBXSourcesBuildPhase;
			buildActionMask = 2147483647;
			files = (
				8F3213CE29FAB6D20002A5B7 /* ColorHexTests.swift in Sources */,
			);
			runOnlyForDeploymentPostprocessing = 0;
		};
		8F3213CF29FAB6D20002A5B7 /* Sources */ = {
			isa = PBXSourcesBuildPhase;
			buildActionMask = 2147483647;
			files = (
				8F3213DA29FAB6D20002A5B7 /* ColorHexUITestsLaunchTests.swift in Sources */,
				8F3213D829FAB6D20002A5B7 /* ColorHexUITests.swift in Sources */,
			);
			runOnlyForDeploymentPostprocessing = 0;
		};
/* End PBXSourcesBuildPhase section */

/* Begin PBXTargetDependency section */
		8F3213CB29FAB6D20002A5B7 /* PBXTargetDependency */ = {
			isa = PBXTargetDependency;
			target = 8F3213B829FAB6D00002A5B7 /* ColorHex */;
			targetProxy = 8F3213CA29FAB6D20002A5B7 /* PBXContainerItemProxy */;
		};
		8F3213D529FAB6D20002A5B7 /* PBXTargetDependency */ = {
			isa = PBXTargetDependency;
			target = 8F3213B829FAB6D00002A5B7 /* ColorHex */;
			targetProxy = 8F3213D429FAB6D20002A5B7 /* PBXContainerItemProxy */;
		};
/* End PBXTargetDependency section */

/* Begin XCBuildConfiguration section */
		8F3213DB29FAB6D20002A5B7 /* Debug */ = {
			isa = XCBuildConfiguration;
			buildSettings = {
				ALWAYS_SEARCH_USER_PATHS = NO;
				CLANG_ANALYZER_NONNULL = YES;
				CLANG_ANALYZER_NUMBER_OBJECT_CONVERSION = YES_AGGRESSIVE;
				CLANG_CXX_LANGUAGE_STANDARD = "gnu++20";
				CLANG_ENABLE_MODULES = YES;
				CLANG_ENABLE_OBJC_ARC = YES;
				CLANG_ENABLE_OBJC_WEAK = YES;
				CLANG_WARN_BLOCK_CAPTURE_AUTORELEASING = YES;
				CLANG_WARN_BOOL_CONVERSION = YES;
				CLANG_WARN_COMMA = YES;
				CLANG_WARN_CONSTANT_CONVERSION = YES;
				CLANG_WARN_DEPRECATED_OBJC_IMPLEMENTATIONS = YES;
				CLANG_WARN_DIRECT_OBJC_ISA_USAGE = YES_ERROR;
				CLANG_WARN_DOCUMENTATION_COMMENTS = YES;
				CLANG_WARN_EMPTY_BODY = YES;
				CLANG_WARN_ENUM_CONVERSION = YES;
				CLANG_WARN_INFINITE_RECURSION = YES;
				CLANG_WARN_INT_CONVERSION = YES;
				CLANG_WARN_NON_LITERAL_NULL_CONVERSION = YES;
				CLANG_WARN_OBJC_IMPLICIT_RETAIN_SELF = YES;
				CLANG_WARN_OBJC_LITERAL_CONVERSION = YES;
				CLANG_WARN_OBJC_ROOT_CLASS = YES_ERROR;
				CLANG_WARN_QUOTED_INCLUDE_IN_FRAMEWORK_HEADER = YES;
				CLANG_WARN_RANGE_LOOP_ANALYSIS = YES;
				CLANG_WARN_STRICT_PROTOTYPES = YES;
				CLANG_WARN_SUSPICIOUS_MOVE = YES;
				CLANG_WARN_UNGUARDED_AVAILABILITY = YES_AGGRESSIVE;
				CLANG_WARN_UNREACHABLE_CODE = YES;
				CLANG_WARN__DUPLICATE_METHOD_MATCH = YES;
				COPY_PHASE_STRIP = NO;
				DEBUG_INFORMATION_FORMAT = dwarf;
				ENABLE_STRICT_OBJC_MSGSEND = YES;
				ENABLE_TESTABILITY = YES;
				GCC_C_LANGUAGE_STANDARD = gnu11;
				GCC_DYNAMIC_NO_PIC = NO;
				GCC_NO_COMMON_BLOCKS = YES;
				GCC_OPTIMIZATION_LEVEL = 0;
				GCC_PREPROCESSOR_DEFINITIONS = (
					"DEBUG=1",
					"$(inherited)",
				);
				GCC_WARN_64_TO_32_BIT_CONVERSION = YES;
				GCC_WARN_ABOUT_RETURN_TYPE = YES_ERROR;
				GCC_WARN_UNDECLARED_SELECTOR = YES;
				GCC_WARN_UNINITIALIZED_AUTOS = YES_AGGRESSIVE;
				GCC_WARN_UNUSED_FUNCTION = YES;
				GCC_WARN_UNUSED_VARIABLE = YES;
				IPHONEOS_DEPLOYMENT_TARGET = 16.2;
				MTL_ENABLE_DEBUG_INFO = INCLUDE_SOURCE;
				MTL_FAST_MATH = YES;
				ONLY_ACTIVE_ARCH = YES;
				SDKROOT = iphoneos;
				SWIFT_ACTIVE_COMPILATION_CONDITIONS = DEBUG;
				SWIFT_OPTIMIZATION_LEVEL = "-Onone";
			};
			name = Debug;
		};
		8F3213DC29FAB6D20002A5B7 /* Release */ = {
			isa = XCBuildConfiguration;
			buildSettings = {
				ALWAYS_SEARCH_USER_PATHS = NO;
				CLANG_ANALYZER_NONNULL = YES;
				CLANG_ANALYZER_NUMBER_OBJECT_CONVERSION = YES_AGGRESSIVE;
				CLANG_CXX_LANGUAGE_STANDARD = "gnu++20";
				CLANG_ENABLE_MODULES = YES;
				CLANG_ENABLE_OBJC_ARC = YES;
				CLANG_ENABLE_OBJC_WEAK = YES;
				CLANG_WARN_BLOCK_CAPTURE_AUTORELEASING = YES;
				CLANG_WARN_BOOL_CONVERSION = YES;
				CLANG_WARN_COMMA = YES;
				CLANG_WARN_CONSTANT_CONVERSION = YES;
				CLANG_WARN_DEPRECATED_OBJC_IMPLEMENTATIONS = YES;
				CLANG_WARN_DIRECT_OBJC_ISA_USAGE = YES_ERROR;
				CLANG_WARN_DOCUMENTATION_COMMENTS = YES;
				CLANG_WARN_EMPTY_BODY = YES;
				CLANG_WARN_ENUM_CONVERSION = YES;
				CLANG_WARN_INFINITE_RECURSION = YES;
				CLANG_WARN_INT_CONVERSION = YES;
				CLANG_WARN_NON_LITERAL_NULL_CONVERSION = YES;
				CLANG_WARN_OBJC_IMPLICIT_RETAIN_SELF = YES;
				CLANG_WARN_OBJC_LITERAL_CONVERSION = YES;
				CLANG_WARN_OBJC_ROOT_CLASS = YES_ERROR;
				CLANG_WARN_QUOTED_INCLUDE_IN_FRAMEWORK_HEADER = YES;
				CLANG_WARN_RANGE_LOOP_ANALYSIS = YES;
				CLANG_WARN_STRICT_PROTOTYPES = YES;
				CLANG_WARN_SUSPICIOUS_MOVE = YES;
				CLANG_WARN_UNGUARDED_AVAILABILITY = YES_AGGRESSIVE;
				CLANG_WARN_UNREACHABLE_CODE = YES;
				CLANG_WARN__DUPLICATE_METHOD_MATCH = YES;
				COPY_PHASE_STRIP = NO;
				DEBUG_INFORMATION_FORMAT = "dwarf-with-dsym";
				ENABLE_NS_ASSERTIONS = NO;
				ENABLE_STRICT_OBJC_MSGSEND = YES;
				GCC_C_LANGUAGE_STANDARD = gnu11;
				GCC_NO_COMMON_BLOCKS = YES;
				GCC_WARN_64_TO_32_BIT_CONVERSION = YES;
				GCC_WARN_ABOUT_RETURN_TYPE = YES_ERROR;
				GCC_WARN_UNDECLARED_SELECTOR = YES;
				GCC_WARN_UNINITIALIZED_AUTOS = YES_AGGRESSIVE;
				GCC_WARN_UNUSED_FUNCTION = YES;
				GCC_WARN_UNUSED_VARIABLE = YES;
				IPHONEOS_DEPLOYMENT_TARGET = 16.2;
				MTL_ENABLE_DEBUG_INFO = NO;
				MTL_FAST_MATH = YES;
				SDKROOT = iphoneos;
				SWIFT_COMPILATION_MODE = wholemodule;
				SWIFT_OPTIMIZATION_LEVEL = "-O";
				VALIDATE_PRODUCT = YES;
			};
			name = Release;
		};
		8F3213DE29FAB6D20002A5B7 /* Debug */ = {
			isa = XCBuildConfiguration;
			buildSettings = {
				ASSETCATALOG_COMPILER_APPICON_NAME = AppIcon;
				ASSETCATALOG_COMPILER_GLOBAL_ACCENT_COLOR_NAME = AccentColor;
				CODE_SIGN_STYLE = Automatic;
				CURRENT_PROJECT_VERSION = 1;
				DEVELOPMENT_ASSET_PATHS = "\"ColorHex/Preview Content\"";
				ENABLE_PREVIEWS = YES;
				GENERATE_INFOPLIST_FILE = YES;
				INFOPLIST_KEY_UIApplicationSceneManifest_Generation = YES;
				INFOPLIST_KEY_UIApplicationSupportsIndirectInputEvents = YES;
				INFOPLIST_KEY_UILaunchScreen_Generation = YES;
				INFOPLIST_KEY_UISupportedInterfaceOrientations_iPad = "UIInterfaceOrientationPortrait UIInterfaceOrientationPortraitUpsideDown UIInterfaceOrientationLandscapeLeft UIInterfaceOrientationLandscapeRight";
				INFOPLIST_KEY_UISupportedInterfaceOrientations_iPhone = "UIInterfaceOrientationPortrait UIInterfaceOrientationLandscapeLeft UIInterfaceOrientationLandscapeRight";
				LD_RUNPATH_SEARCH_PATHS = (
					"$(inherited)",
					"@executable_path/Frameworks",
				);
				MARKETING_VERSION = 1.0;
				PRODUCT_BUNDLE_IDENTIFIER = net.jinto.ColorHex;
				PRODUCT_NAME = "$(TARGET_NAME)";
				SWIFT_EMIT_LOC_STRINGS = YES;
				SWIFT_VERSION = 5.0;
				TARGETED_DEVICE_FAMILY = "1,2";
			};
			name = Debug;
		};
		8F3213DF29FAB6D20002A5B7 /* Release */ = {
			isa = XCBuildConfiguration;
			buildSettings = {
				ASSETCATALOG_COMPILER_APPICON_NAME = AppIcon;
				ASSETCATALOG_COMPILER_GLOBAL_ACCENT_COLOR_NAME = AccentColor;
				CODE_SIGN_STYLE = Automatic;
				CURRENT_PROJECT_VERSION = 1;
				DEVELOPMENT_ASSET_PATHS = "\"ColorHex/Preview Content\"";
				ENABLE_PREVIEWS = YES;
				GENERATE_INFOPLIST_FILE = YES;
				INFOPLIST_KEY_UIApplicationSceneManifest_Generation = YES;
				INFOPLIST_KEY_UIApplicationSupportsIndirectInputEvents = YES;
				INFOPLIST_KEY_UILaunchScreen_Generation = YES;
				INFOPLIST_KEY_UISupportedInterfaceOrientations_iPad = "UIInterfaceOrientationPortrait UIInterfaceOrientationPortraitUpsideDown UIInterfaceOrientationLandscapeLeft UIInterfaceOrientationLandscapeRight";
				INFOPLIST_KEY_UISupportedInterfaceOrientations_iPhone = "UIInterfaceOrientationPortrait UIInterfaceOrientationLandscapeLeft UIInterfaceOrientationLandscapeRight";
				LD_RUNPATH_SEARCH_PATHS = (
					"$(inherited)",
					"@executable_path/Frameworks",
				);
				MARKETING_VERSION = 1.0;
				PRODUCT_BUNDLE_IDENTIFIER = net.jinto.ColorHex;
				PRODUCT_NAME = "$(TARGET_NAME)";
				SWIFT_EMIT_LOC_STRINGS = YES;
				SWIFT_VERSION = 5.0;
				TARGETED_DEVICE_FAMILY = "1,2";
			};
			name = Release;
		};
		8F3213E129FAB6D20002A5B7 /* Debug */ = {
			isa = XCBuildConfiguration;
			buildSettings = {
				ALWAYS_EMBED_SWIFT_STANDARD_LIBRARIES = YES;
				BUNDLE_LOADER = "$(TEST_HOST)";
				CODE_SIGN_STYLE = Automatic;
				CURRENT_PROJECT_VERSION = 1;
				GENERATE_INFOPLIST_FILE = YES;
				IPHONEOS_DEPLOYMENT_TARGET = 16.2;
				MARKETING_VERSION = 1.0;
				PRODUCT_BUNDLE_IDENTIFIER = net.jinto.ColorHexTests;
				PRODUCT_NAME = "$(TARGET_NAME)";
				SWIFT_EMIT_LOC_STRINGS = NO;
				SWIFT_VERSION = 5.0;
				TARGETED_DEVICE_FAMILY = "1,2";
				TEST_HOST = "$(BUILT_PRODUCTS_DIR)/ColorHex.app/$(BUNDLE_EXECUTABLE_FOLDER_PATH)/ColorHex";
			};
			name = Debug;
		};
		8F3213E229FAB6D20002A5B7 /* Release */ = {
			isa = XCBuildConfiguration;
			buildSettings = {
				ALWAYS_EMBED_SWIFT_STANDARD_LIBRARIES = YES;
				BUNDLE_LOADER = "$(TEST_HOST)";
				CODE_SIGN_STYLE = Automatic;
				CURRENT_PROJECT_VERSION = 1;
				GENERATE_INFOPLIST_FILE = YES;
				IPHONEOS_DEPLOYMENT_TARGET = 16.2;
				MARKETING_VERSION = 1.0;
				PRODUCT_BUNDLE_IDENTIFIER = net.jinto.ColorHexTests;
				PRODUCT_NAME = "$(TARGET_NAME)";
				SWIFT_EMIT_LOC_STRINGS = NO;
				SWIFT_VERSION = 5.0;
				TARGETED_DEVICE_FAMILY = "1,2";
				TEST_HOST = "$(BUILT_PRODUCTS_DIR)/ColorHex.app/$(BUNDLE_EXECUTABLE_FOLDER_PATH)/ColorHex";
			};
			name = Release;
		};
		8F3213E429FAB6D20002A5B7 /* Debug */ = {
			isa = XCBuildConfiguration;
			buildSettings = {
				ALWAYS_EMBED_SWIFT_STANDARD_LIBRARIES = YES;
				CODE_SIGN_STYLE = Automatic;
				CURRENT_PROJECT_VERSION = 1;
				GENERATE_INFOPLIST_FILE = YES;
				MARKETING_VERSION = 1.0;
				PRODUCT_BUNDLE_IDENTIFIER = net.jinto.ColorHexUITests;
				PRODUCT_NAME = "$(TARGET_NAME)";
				SWIFT_EMIT_LOC_STRINGS = NO;
				SWIFT_VERSION = 5.0;
				TARGETED_DEVICE_FAMILY = "1,2";
				TEST_TARGET_NAME = ColorHex;
			};
			name = Debug;
		};
		8F3213E529FAB6D20002A5B7 /* Release */ = {
			isa = XCBuildConfiguration;
			buildSettings = {
				ALWAYS_EMBED_SWIFT_STANDARD_LIBRARIES = YES;
				CODE_SIGN_STYLE = Automatic;
				CURRENT_PROJECT_VERSION = 1;
				GENERATE_INFOPLIST_FILE = YES;
				MARKETING_VERSION = 1.0;
				PRODUCT_BUNDLE_IDENTIFIER = net.jinto.ColorHexUITests;
				PRODUCT_NAME = "$(TARGET_NAME)";
				SWIFT_EMIT_LOC_STRINGS = NO;
				SWIFT_VERSION = 5.0;
				TARGETED_DEVICE_FAMILY = "1,2";
				TEST_TARGET_NAME = ColorHex;
			};
			name = Release;
		};
/* End XCBuildConfiguration section */

/* Begin XCConfigurationList section */
		8F3213B429FAB6D00002A5B7 /* Build configuration list for PBXProject "ColorHex" */ = {
			isa = XCConfigurationList;
			buildConfigurations = (
				8F3213DB29FAB6D20002A5B7 /* Debug */,
				8F3213DC29FAB6D20002A5B7 /* Release */,
			);
			defaultConfigurationIsVisible = 0;
			defaultConfigurationName = Release;
		};
		8F3213DD29FAB6D20002A5B7 /* Build configuration list for PBXNativeTarget "ColorHex" */ = {
			isa = XCConfigurationList;
			buildConfigurations = (
				8F3213DE29FAB6D20002A5B7 /* Debug */,
				8F3213DF29FAB6D20002A5B7 /* Release */,
			);
			defaultConfigurationIsVisible = 0;
			defaultConfigurationName = Release;
		};
		8F3213E029FAB6D20002A5B7 /* Build configuration list for PBXNativeTarget "ColorHexTests" */ = {
			isa = XCConfigurationList;
			buildConfigurations = (
				8F3213E129FAB6D20002A5B7 /* Debug */,
				8F3213E229FAB6D20002A5B7 /* Release */,
			);
			defaultConfigurationIsVisible = 0;
			defaultConfigurationName = Release;
		};
		8F3213E329FAB6D20002A5B7 /* Build configuration list for PBXNativeTarget "ColorHexUITests" */ = {
			isa = XCConfigurationList;
			buildConfigurations = (
				8F3213E429FAB6D20002A5B7 /* Debug */,
				8F3213E529FAB6D20002A5B7 /* Release */,
			);
			defaultConfigurationIsVisible = 0;
			defaultConfigurationName = Release;
		};
/* End XCConfigurationList section */
	};
	rootObject = 8F3213B129FAB6D00002A5B7 /* Project object */;
}
